<?xml version="1.0" encoding="utf-8"?>
<Project ToolsVersion="4.0" xmlns="http://schemas.microsoft.com/developer/msbuild/2003">
  <ItemGroup>
    <Filter Include="Header Files">
      <UniqueIdentifier>{93995380-89BD-4b04-88EB-625FBE52EBFB}</UniqueIdentifier>
      <Extensions>h;hpp;hxx;hm;inl;inc;xsd</Extensions>
    </Filter>
    <Filter Include="Source Files">
      <UniqueIdentifier>{4FC737F1-C7A5-4376-A066-2A32D752A2FF}</UniqueIdentifier>
      <Extensions>cpp;c;cxx;def;odl;idl;hpj;bat;asm;asmx</Extensions>
    </Filter>
  </ItemGroup>
  <ItemGroup>
    <ClCompile Include="..\lib\check64bit.cpp">
      <Filter>Source Files</Filter>
    </ClCompile>
    <ClCompile Include="..\lib\checkassignif.cpp">
      <Filter>Source Files</Filter>
    </ClCompile>
    <ClCompile Include="..\lib\checkautovariables.cpp">
      <Filter>Source Files</Filter>
    </ClCompile>
    <ClCompile Include="..\lib\checkboost.cpp">
      <Filter>Source Files</Filter>
    </ClCompile>
    <ClCompile Include="..\lib\checkbufferoverrun.cpp">
      <Filter>Source Files</Filter>
    </ClCompile>
    <ClCompile Include="..\lib\checkclass.cpp">
      <Filter>Source Files</Filter>
    </ClCompile>
    <ClCompile Include="..\lib\checkexceptionsafety.cpp">
      <Filter>Source Files</Filter>
    </ClCompile>
    <ClCompile Include="..\lib\checkmemoryleak.cpp">
      <Filter>Source Files</Filter>
    </ClCompile>
    <ClCompile Include="..\lib\checknonreentrantfunctions.cpp">
      <Filter>Source Files</Filter>
    </ClCompile>
    <ClCompile Include="..\lib\checknullpointer.cpp">
      <Filter>Source Files</Filter>
    </ClCompile>
    <ClCompile Include="..\lib\checkobsoletefunctions.cpp">
      <Filter>Source Files</Filter>
    </ClCompile>
    <ClCompile Include="..\lib\checkother.cpp">
      <Filter>Source Files</Filter>
    </ClCompile>
    <ClCompile Include="..\lib\checkpostfixoperator.cpp">
      <Filter>Source Files</Filter>
    </ClCompile>
    <ClCompile Include="..\lib\checkstl.cpp">
      <Filter>Source Files</Filter>
    </ClCompile>
    <ClCompile Include="..\lib\checkuninitvar.cpp">
      <Filter>Source Files</Filter>
    </ClCompile>
    <ClCompile Include="..\lib\checkunusedfunctions.cpp">
      <Filter>Source Files</Filter>
    </ClCompile>
    <ClCompile Include="..\lib\checkunusedvar.cpp">
      <Filter>Source Files</Filter>
    </ClCompile>
    <ClCompile Include="..\cli\cmdlineparser.cpp">
      <Filter>Source Files</Filter>
    </ClCompile>
    <ClCompile Include="..\lib\cppcheck.cpp">
      <Filter>Source Files</Filter>
    </ClCompile>
    <ClCompile Include="..\cli\cppcheckexecutor.cpp">
      <Filter>Source Files</Filter>
    </ClCompile>
    <ClCompile Include="..\lib\errorlogger.cpp">
      <Filter>Source Files</Filter>
    </ClCompile>
    <ClCompile Include="..\lib\executionpath.cpp">
      <Filter>Source Files</Filter>
    </ClCompile>
    <ClCompile Include="..\cli\filelister.cpp">
      <Filter>Source Files</Filter>
    </ClCompile>
    <ClCompile Include="..\lib\mathlib.cpp">
      <Filter>Source Files</Filter>
    </ClCompile>
    <ClCompile Include="options.cpp">
      <Filter>Source Files</Filter>
    </ClCompile>
    <ClCompile Include="..\lib\path.cpp">
      <Filter>Source Files</Filter>
    </ClCompile>
    <ClCompile Include="..\cli\pathmatch.cpp">
      <Filter>Source Files</Filter>
    </ClCompile>
    <ClCompile Include="..\lib\preprocessor.cpp">
      <Filter>Source Files</Filter>
    </ClCompile>
    <ClCompile Include="..\lib\settings.cpp">
      <Filter>Source Files</Filter>
    </ClCompile>
    <ClCompile Include="..\lib\suppressions.cpp">
      <Filter>Source Files</Filter>
    </ClCompile>
    <ClCompile Include="..\lib\symboldatabase.cpp">
      <Filter>Source Files</Filter>
    </ClCompile>
    <ClCompile Include="test64bit.cpp">
      <Filter>Source Files</Filter>
    </ClCompile>
    <ClCompile Include="testassignif.cpp">
      <Filter>Source Files</Filter>
    </ClCompile>
    <ClCompile Include="testautovariables.cpp">
      <Filter>Source Files</Filter>
    </ClCompile>
    <ClCompile Include="testboost.cpp">
      <Filter>Source Files</Filter>
    </ClCompile>
    <ClCompile Include="testbufferoverrun.cpp">
      <Filter>Source Files</Filter>
    </ClCompile>
    <ClCompile Include="testcharvar.cpp">
      <Filter>Source Files</Filter>
    </ClCompile>
    <ClCompile Include="testclass.cpp">
      <Filter>Source Files</Filter>
    </ClCompile>
    <ClCompile Include="testcmdlineparser.cpp">
      <Filter>Source Files</Filter>
    </ClCompile>
    <ClCompile Include="testconstructors.cpp">
      <Filter>Source Files</Filter>
    </ClCompile>
    <ClCompile Include="testcppcheck.cpp">
      <Filter>Source Files</Filter>
    </ClCompile>
    <ClCompile Include="testdivision.cpp">
      <Filter>Source Files</Filter>
    </ClCompile>
    <ClCompile Include="testerrorlogger.cpp">
      <Filter>Source Files</Filter>
    </ClCompile>
    <ClCompile Include="testexceptionsafety.cpp">
      <Filter>Source Files</Filter>
    </ClCompile>
    <ClCompile Include="testfilelister.cpp">
      <Filter>Source Files</Filter>
    </ClCompile>
    <ClCompile Include="testincompletestatement.cpp">
      <Filter>Source Files</Filter>
    </ClCompile>
    <ClCompile Include="testmathlib.cpp">
      <Filter>Source Files</Filter>
    </ClCompile>
    <ClCompile Include="testmemleak.cpp">
      <Filter>Source Files</Filter>
    </ClCompile>
    <ClCompile Include="testnonreentrantfunctions.cpp">
      <Filter>Source Files</Filter>
    </ClCompile>
    <ClCompile Include="testnullpointer.cpp">
      <Filter>Source Files</Filter>
    </ClCompile>
    <ClCompile Include="testobsoletefunctions.cpp">
      <Filter>Source Files</Filter>
    </ClCompile>
    <ClCompile Include="testoptions.cpp">
      <Filter>Source Files</Filter>
    </ClCompile>
    <ClCompile Include="testother.cpp">
      <Filter>Source Files</Filter>
    </ClCompile>
    <ClCompile Include="testpath.cpp">
      <Filter>Source Files</Filter>
    </ClCompile>
    <ClCompile Include="testpathmatch.cpp">
      <Filter>Source Files</Filter>
    </ClCompile>
    <ClCompile Include="testpostfixoperator.cpp">
      <Filter>Source Files</Filter>
    </ClCompile>
    <ClCompile Include="testpreprocessor.cpp">
      <Filter>Source Files</Filter>
    </ClCompile>
    <ClCompile Include="testrunner.cpp">
      <Filter>Source Files</Filter>
    </ClCompile>
    <ClCompile Include="testsimplifytokens.cpp">
      <Filter>Source Files</Filter>
    </ClCompile>
    <ClCompile Include="teststl.cpp">
      <Filter>Source Files</Filter>
    </ClCompile>
    <ClCompile Include="testsuite.cpp">
      <Filter>Source Files</Filter>
    </ClCompile>
    <ClCompile Include="testsuppressions.cpp">
      <Filter>Source Files</Filter>
    </ClCompile>
    <ClCompile Include="testsymboldatabase.cpp">
      <Filter>Source Files</Filter>
    </ClCompile>
    <ClCompile Include="testthreadexecutor.cpp">
      <Filter>Source Files</Filter>
    </ClCompile>
    <ClCompile Include="testtoken.cpp">
      <Filter>Source Files</Filter>
    </ClCompile>
    <ClCompile Include="testtokenize.cpp">
      <Filter>Source Files</Filter>
    </ClCompile>
    <ClCompile Include="testuninitvar.cpp">
      <Filter>Source Files</Filter>
    </ClCompile>
    <ClCompile Include="testunusedfunctions.cpp">
      <Filter>Source Files</Filter>
    </ClCompile>
    <ClCompile Include="testunusedprivfunc.cpp">
      <Filter>Source Files</Filter>
    </ClCompile>
    <ClCompile Include="testunusedvar.cpp">
      <Filter>Source Files</Filter>
    </ClCompile>
    <ClCompile Include="..\cli\threadexecutor.cpp">
      <Filter>Source Files</Filter>
    </ClCompile>
    <ClCompile Include="..\lib\timer.cpp">
      <Filter>Source Files</Filter>
    </ClCompile>
    <ClCompile Include="..\externals\tinyxml\tinystr.cpp">
      <Filter>Source Files</Filter>
    </ClCompile>
    <ClCompile Include="..\externals\tinyxml\tinyxml.cpp">
      <Filter>Source Files</Filter>
    </ClCompile>
    <ClCompile Include="..\externals\tinyxml\tinyxmlerror.cpp">
      <Filter>Source Files</Filter>
    </ClCompile>
    <ClCompile Include="..\externals\tinyxml\tinyxmlparser.cpp">
      <Filter>Source Files</Filter>
    </ClCompile>
    <ClCompile Include="..\lib\token.cpp">
      <Filter>Source Files</Filter>
    </ClCompile>
    <ClCompile Include="..\lib\tokenize.cpp">
      <Filter>Source Files</Filter>
    </ClCompile>
  </ItemGroup>
  <ItemGroup>
    <ClInclude Include="..\lib\check.h">
      <Filter>Header Files</Filter>
    </ClInclude>
    <ClInclude Include="..\lib\check64bit.h">
      <Filter>Header Files</Filter>
    </ClInclude>
    <ClInclude Include="..\lib\checkassignif.h">
      <Filter>Header Files</Filter>
    </ClInclude>
    <ClInclude Include="..\lib\checkautovariables.h">
      <Filter>Header Files</Filter>
    </ClInclude>
    <ClInclude Include="..\lib\checkboost.h">
      <Filter>Header Files</Filter>
    </ClInclude>
    <ClInclude Include="..\lib\checkbufferoverrun.h">
      <Filter>Header Files</Filter>
    </ClInclude>
    <ClInclude Include="..\lib\checkclass.h">
      <Filter>Header Files</Filter>
    </ClInclude>
    <ClInclude Include="..\lib\checkexceptionsafety.h">
      <Filter>Header Files</Filter>
    </ClInclude>
    <ClInclude Include="..\lib\checkmemoryleak.h">
      <Filter>Header Files</Filter>
    </ClInclude>
    <ClInclude Include="..\lib\checknonreentrantfunctions.h">
      <Filter>Header Files</Filter>
    </ClInclude>
    <ClInclude Include="..\lib\checknullpointer.h">
      <Filter>Header Files</Filter>
    </ClInclude>
    <ClInclude Include="..\lib\checkobsoletefunctions.h">
      <Filter>Header Files</Filter>
    </ClInclude>
    <ClInclude Include="..\lib\checkother.h">
      <Filter>Header Files</Filter>
    </ClInclude>
    <ClInclude Include="..\lib\checkpostfixoperator.h">
      <Filter>Header Files</Filter>
    </ClInclude>
    <ClInclude Include="..\lib\checkstl.h">
      <Filter>Header Files</Filter>
    </ClInclude>
    <ClInclude Include="..\lib\checkuninitvar.h">
      <Filter>Header Files</Filter>
    </ClInclude>
    <ClInclude Include="..\lib\checkunusedfunctions.h">
      <Filter>Header Files</Filter>
    </ClInclude>
    <ClInclude Include="..\lib\checkunusedvar.h">
      <Filter>Header Files</Filter>
    </ClInclude>
    <ClInclude Include="..\cli\cmdlineparser.h">
      <Filter>Header Files</Filter>
    </ClInclude>
    <ClInclude Include="..\lib\cppcheck.h">
      <Filter>Header Files</Filter>
    </ClInclude>
    <ClInclude Include="..\cli\cppcheckexecutor.h">
      <Filter>Header Files</Filter>
    </ClInclude>
    <ClInclude Include="..\lib\errorlogger.h">
      <Filter>Header Files</Filter>
    </ClInclude>
    <ClInclude Include="..\lib\executionpath.h">
      <Filter>Header Files</Filter>
    </ClInclude>
    <ClInclude Include="..\cli\filelister.h">
      <Filter>Header Files</Filter>
    </ClInclude>
    <ClInclude Include="..\lib\mathlib.h">
      <Filter>Header Files</Filter>
    </ClInclude>
    <ClInclude Include="options.h">
      <Filter>Header Files</Filter>
    </ClInclude>
    <ClInclude Include="..\lib\path.h">
      <Filter>Header Files</Filter>
    </ClInclude>
    <ClInclude Include="..\cli\pathmatch.h">
      <Filter>Header Files</Filter>
    </ClInclude>
    <ClInclude Include="..\lib\preprocessor.h">
      <Filter>Header Files</Filter>
    </ClInclude>
    <ClInclude Include="redirect.h">
      <Filter>Header Files</Filter>
    </ClInclude>
    <ClInclude Include="..\lib\settings.h">
      <Filter>Header Files</Filter>
    </ClInclude>
    <ClInclude Include="..\lib\suppressions.h">
      <Filter>Header Files</Filter>
    </ClInclude>
    <ClInclude Include="..\lib\symboldatabase.h">
      <Filter>Header Files</Filter>
    </ClInclude>
    <ClInclude Include="testsuite.h">
      <Filter>Header Files</Filter>
    </ClInclude>
    <ClInclude Include="..\cli\threadexecutor.h">
      <Filter>Header Files</Filter>
    </ClInclude>
    <ClInclude Include="..\lib\timer.h">
      <Filter>Header Files</Filter>
    </ClInclude>
    <ClInclude Include="..\externals\tinyxml\tinystr.h">
      <Filter>Header Files</Filter>
    </ClInclude>
    <ClInclude Include="..\externals\tinyxml\tinyxml.h">
      <Filter>Header Files</Filter>
    </ClInclude>
    <ClInclude Include="..\lib\token.h">
      <Filter>Header Files</Filter>
    </ClInclude>
    <ClInclude Include="..\lib\tokenize.h">
      <Filter>Header Files</Filter>
    </ClInclude>
  </ItemGroup>
</Project>