<?xml version="1.0" encoding="UTF-8" standalone="yes" ?>
<CodeBlocks_project_file>
	<FileVersion major="1" minor="6" />
	<Project>
		<Option title="cppcheck" />
		<Option makefile_is_custom="1" />
		<Option pch_mode="2" />
		<Option compiler="gcc" />
		<Build>
			<Target title="cppcheck">
				<Option output="cppcheck" prefix_auto="1" extension_auto="1" />
				<Option object_output="/home/nobackup/cppcheck/.objs" />
				<Option type="1" />
				<Option compiler="gcc" />
				<Compiler>
					<Add option="-g" />
				</Compiler>
			</Target>
			<Target title="testrunner">
				<Option output="testrunner" prefix_auto="1" extension_auto="1" />
				<Option object_output="/home/nobackup/cppcheck/.objs" />
				<Option type="1" />
				<Option compiler="gcc" />
				<Compiler>
					<Add option="-g" />
				</Compiler>
			</Target>
		</Build>
		<Compiler>
			<Add option="-Wall" />
			<Add option="-fexceptions" />
		</Compiler>
		<Unit filename="gui/aboutdialog.cpp" />
		<Unit filename="gui/aboutdialog.h" />
		<Unit filename="gui/applicationdialog.cpp" />
		<Unit filename="gui/applicationdialog.h" />
		<Unit filename="gui/applicationlist.cpp" />
		<Unit filename="gui/applicationlist.h" />
		<Unit filename="gui/checkthread.cpp" />
		<Unit filename="gui/checkthread.h" />
		<Unit filename="gui/common.h" />
		<Unit filename="gui/csvreport.cpp" />
		<Unit filename="gui/csvreport.h" />
		<Unit filename="gui/fileviewdialog.cpp" />
		<Unit filename="gui/fileviewdialog.h" />
		<Unit filename="gui/main.cpp" />
		<Unit filename="gui/mainwindow.cpp" />
		<Unit filename="gui/mainwindow.h" />
		<Unit filename="gui/projectfile.cpp" />
		<Unit filename="gui/projectfile.h" />
		<Unit filename="gui/qrc_gui.cpp" />
		<Unit filename="gui/report.cpp" />
		<Unit filename="gui/report.h" />
		<Unit filename="gui/resultstree.cpp" />
		<Unit filename="gui/resultstree.h" />
		<Unit filename="gui/resultsview.cpp" />
		<Unit filename="gui/resultsview.h" />
		<Unit filename="gui/settingsdialog.cpp" />
		<Unit filename="gui/settingsdialog.h" />
		<Unit filename="gui/test.cpp" />
		<Unit filename="gui/threadhandler.cpp" />
		<Unit filename="gui/threadhandler.h" />
		<Unit filename="gui/threadresult.cpp" />
		<Unit filename="gui/threadresult.h" />
		<Unit filename="gui/translationhandler.cpp" />
		<Unit filename="gui/translationhandler.h" />
		<Unit filename="gui/txtreport.cpp" />
		<Unit filename="gui/txtreport.h" />
		<Unit filename="gui/xmlreport.cpp" />
		<Unit filename="gui/xmlreport.h" />
		<Unit filename="src/check.h" />
		<Unit filename="src/checkautovariables.cpp" />
		<Unit filename="src/checkautovariables.h" />
		<Unit filename="src/checkbufferoverrun.cpp" />
		<Unit filename="src/checkbufferoverrun.h" />
		<Unit filename="src/checkclass.cpp" />
		<Unit filename="src/checkclass.h" />
		<Unit filename="src/checkdangerousfunctions.cpp" />
		<Unit filename="src/checkdangerousfunctions.h" />
		<Unit filename="src/checkheaders.cpp" />
		<Unit filename="src/checkheaders.h" />
		<Unit filename="src/checkmemoryleak.cpp" />
		<Unit filename="src/checkmemoryleak.h" />
		<Unit filename="src/checkother.cpp" />
		<Unit filename="src/checkother.h" />
		<Unit filename="src/checksecurity.cpp" />
		<Unit filename="src/checksecurity.h" />
		<Unit filename="src/checkstl.cpp" />
		<Unit filename="src/checkstl.h" />
		<Unit filename="src/checkunusedfunctions.cpp" />
		<Unit filename="src/checkunusedfunctions.h" />
		<Unit filename="src/classinfo.h" />
		<Unit filename="src/cppcheck.cpp" />
		<Unit filename="src/cppcheck.h" />
		<Unit filename="src/cppcheckexecutor.cpp" />
		<Unit filename="src/cppcheckexecutor.h" />
		<Unit filename="src/errorlogger.cpp" />
		<Unit filename="src/errorlogger.h" />
		<Unit filename="src/filelister.cpp" />
		<Unit filename="src/filelister.h" />
		<Unit filename="src/main.cpp" />
		<Unit filename="src/mathlib.cpp" />
		<Unit filename="src/mathlib.h" />
		<Unit filename="src/preprocessor.cpp" />
		<Unit filename="src/preprocessor.h" />
		<Unit filename="src/settings.cpp" />
		<Unit filename="src/settings.h" />
		<Unit filename="src/threadexecutor.cpp" />
		<Unit filename="src/threadexecutor.h" />
		<Unit filename="src/token.cpp" />
		<Unit filename="src/token.h" />
		<Unit filename="src/tokenize.cpp" />
		<Unit filename="src/tokenize.h" />
		<Unit filename="test/testautovariables.cpp" />
		<Unit filename="test/testbufferoverrun.cpp" />
		<Unit filename="test/testcharvar.cpp" />
		<Unit filename="test/testclass.cpp" />
		<Unit filename="test/testconstructors.cpp" />
		<Unit filename="test/testcppcheck.cpp" />
		<Unit filename="test/testdangerousfunctions.cpp" />
		<Unit filename="test/testdivision.cpp" />
		<Unit filename="test/testfilelister.cpp" />
		<Unit filename="test/testincompletestatement.cpp" />
		<Unit filename="test/testmathlib.cpp" />
		<Unit filename="test/testmemleak.cpp" />
		<Unit filename="test/testother.cpp" />
		<Unit filename="test/testpreprocessor.cpp" />
		<Unit filename="test/testredundantif.cpp" />
		<Unit filename="test/testrunner.cpp" />
		<Unit filename="test/testsecurity.cpp" />
		<Unit filename="test/testsimplifytokens.cpp" />
		<Unit filename="test/teststl.cpp" />
		<Unit filename="test/testsuite.cpp" />
		<Unit filename="test/testsuite.h" />
		<Unit filename="test/testtoken.cpp" />
		<Unit filename="test/testtokenize.cpp" />
		<Unit filename="test/testunusedfunctions.cpp" />
		<Unit filename="test/testunusedprivfunc.cpp" />
		<Unit filename="test/testunusedvar.cpp" />
		<Unit filename="tools/dmake.cpp">
			<Option target="&lt;{~None~}&gt;" />
		</Unit>
		<Extensions>
			<code_completion />
			<debugger />
			<envvars />
		</Extensions>
	</Project>
</CodeBlocks_project_file>
