<?xml version="1.0" encoding="UTF-8" standalone="yes" ?>
<CodeBlocks_project_file>
	<FileVersion major="1" minor="6" />
	<Project>
		<Option title="cppcheck" />
		<Option makefile_is_custom="1" />
		<Option pch_mode="2" />
		<Option compiler="gcc" />
		<Build>
			<Target title="cppcheck">
				<Option output="cppcheck" prefix_auto="1" extension_auto="1" />
				<Option type="1" />
				<Option compiler="gcc" />
				<Option parameters="p.cpp --debug --enable=all" />
				<Compiler>
					<Add option="-g" />
				</Compiler>
			</Target>
			<Target title="testrunner">
				<Option output="testrunner" prefix_auto="1" extension_auto="1" />
				<Option type="1" />
				<Option compiler="gcc" />
				<Compiler>
					<Add option="-g" />
				</Compiler>
			</Target>
		</Build>
		<Compiler>
			<Add option="-Wall" />
			<Add option="-fexceptions" />
		</Compiler>
		<Unit filename="cli/cmdlineparser.cpp" />
		<Unit filename="cli/cmdlineparser.h" />
		<Unit filename="cli/cppcheckexecutor.cpp" />
		<Unit filename="cli/cppcheckexecutor.h" />
		<Unit filename="cli/filelister.cpp" />
		<Unit filename="cli/filelister.h" />
		<Unit filename="cli/main.cpp" />
		<Unit filename="cli/pathmatch.cpp" />
		<Unit filename="cli/pathmatch.h" />
		<Unit filename="cli/resource.h" />
		<Unit filename="cli/threadexecutor.cpp" />
		<Unit filename="cli/threadexecutor.h" />
		<Unit filename="gui/aboutdialog.cpp" />
		<Unit filename="gui/aboutdialog.h" />
		<Unit filename="gui/application.cpp" />
		<Unit filename="gui/application.h" />
		<Unit filename="gui/applicationdialog.cpp" />
		<Unit filename="gui/applicationdialog.h" />
		<Unit filename="gui/applicationlist.cpp" />
		<Unit filename="gui/applicationlist.h" />
		<Unit filename="gui/checkstatistics.cpp" />
		<Unit filename="gui/checkstatistics.h" />
		<Unit filename="gui/checkthread.cpp" />
		<Unit filename="gui/checkthread.h" />
		<Unit filename="gui/common.h" />
		<Unit filename="gui/csvreport.cpp" />
		<Unit filename="gui/csvreport.h" />
		<Unit filename="gui/erroritem.cpp" />
		<Unit filename="gui/erroritem.h" />
		<Unit filename="gui/filelist.cpp" />
		<Unit filename="gui/filelist.h" />
		<Unit filename="gui/fileviewdialog.cpp" />
		<Unit filename="gui/fileviewdialog.h" />
		<Unit filename="gui/logview.cpp" />
		<Unit filename="gui/logview.h" />
		<Unit filename="gui/main.cpp" />
		<Unit filename="gui/mainwindow.cpp" />
		<Unit filename="gui/mainwindow.h" />
		<Unit filename="gui/platforms.cpp" />
		<Unit filename="gui/platforms.h" />
		<Unit filename="gui/project.cpp" />
		<Unit filename="gui/project.h" />
		<Unit filename="gui/projectfile.cpp" />
		<Unit filename="gui/projectfile.h" />
		<Unit filename="gui/projectfiledialog.cpp" />
		<Unit filename="gui/projectfiledialog.h" />
		<Unit filename="gui/report.cpp" />
		<Unit filename="gui/report.h" />
		<Unit filename="gui/resultstree.cpp" />
		<Unit filename="gui/resultstree.h" />
		<Unit filename="gui/resultsview.cpp" />
		<Unit filename="gui/resultsview.h" />
		<Unit filename="gui/settingsdialog.cpp" />
		<Unit filename="gui/settingsdialog.h" />
		<Unit filename="gui/showtypes.cpp" />
		<Unit filename="gui/showtypes.h" />
		<Unit filename="gui/statsdialog.cpp" />
		<Unit filename="gui/statsdialog.h" />
		<Unit filename="gui/test/testtranslationhandler.h" />
		<Unit filename="gui/test/testxmlreport.h" />
		<Unit filename="gui/test/testxmlreportv1.h" />
		<Unit filename="gui/test/testxmlreportv2.h" />
		<Unit filename="gui/threadhandler.cpp" />
		<Unit filename="gui/threadhandler.h" />
		<Unit filename="gui/threadresult.cpp" />
		<Unit filename="gui/threadresult.h" />
		<Unit filename="gui/translationhandler.cpp" />
		<Unit filename="gui/translationhandler.h" />
		<Unit filename="gui/txtreport.cpp" />
		<Unit filename="gui/txtreport.h" />
		<Unit filename="gui/xmlreport.cpp" />
		<Unit filename="gui/xmlreport.h" />
		<Unit filename="gui/xmlreportv1.cpp" />
		<Unit filename="gui/xmlreportv1.h" />
		<Unit filename="gui/xmlreportv2.cpp" />
		<Unit filename="gui/xmlreportv2.h" />
		<Unit filename="lib/check.h" />
		<Unit filename="lib/check64bit.cpp" />
		<Unit filename="lib/check64bit.h" />
		<Unit filename="lib/checkassignif.cpp" />
		<Unit filename="lib/checkassignif.h" />
		<Unit filename="lib/checkautovariables.cpp" />
		<Unit filename="lib/checkautovariables.h" />
		<Unit filename="lib/checkboost.cpp" />
		<Unit filename="lib/checkboost.h" />
		<Unit filename="lib/checkbufferoverrun.cpp" />
		<Unit filename="lib/checkbufferoverrun.h" />
		<Unit filename="lib/checkclass.cpp" />
		<Unit filename="lib/checkclass.h" />
		<Unit filename="lib/checkexceptionsafety.cpp" />
		<Unit filename="lib/checkexceptionsafety.h" />
		<Unit filename="lib/checkmemoryleak.cpp" />
		<Unit filename="lib/checkmemoryleak.h" />
		<Unit filename="lib/checknonreentrantfunctions.cpp" />
		<Unit filename="lib/checknonreentrantfunctions.h" />
		<Unit filename="lib/checknullpointer.cpp" />
		<Unit filename="lib/checknullpointer.h" />
		<Unit filename="lib/checkobsolescentfunctions.cpp" />
		<Unit filename="lib/checkobsolescentfunctions.h" />
		<Unit filename="lib/checkother.cpp" />
		<Unit filename="lib/checkother.h" />
		<Unit filename="lib/checkpostfixoperator.cpp" />
		<Unit filename="lib/checkpostfixoperator.h" />
		<Unit filename="lib/checkstl.cpp" />
		<Unit filename="lib/checkstl.h" />
		<Unit filename="lib/checkuninitvar.cpp" />
		<Unit filename="lib/checkuninitvar.h" />
		<Unit filename="lib/checkunusedfunctions.cpp" />
		<Unit filename="lib/checkunusedfunctions.h" />
		<Unit filename="lib/checkunusedvar.cpp" />
		<Unit filename="lib/checkunusedvar.h" />
		<Unit filename="lib/cppcheck.cpp" />
		<Unit filename="lib/cppcheck.h" />
		<Unit filename="lib/errorlogger.cpp" />
		<Unit filename="lib/errorlogger.h" />
		<Unit filename="lib/mathlib.cpp" />
		<Unit filename="lib/mathlib.h" />
		<Unit filename="lib/path.cpp" />
		<Unit filename="lib/path.h" />
		<Unit filename="lib/preprocessor.cpp" />
		<Unit filename="lib/preprocessor.h" />
		<Unit filename="lib/settings.cpp" />
		<Unit filename="lib/settings.h" />
		<Unit filename="lib/standards.h" />
		<Unit filename="lib/suppressions.cpp" />
		<Unit filename="lib/suppressions.h" />
		<Unit filename="lib/symboldatabase.cpp" />
		<Unit filename="lib/symboldatabase.h" />
		<Unit filename="lib/templatesimplifier.cpp" />
		<Unit filename="lib/templatesimplifier.h" />
		<Unit filename="lib/timer.cpp" />
		<Unit filename="lib/timer.h" />
		<Unit filename="lib/token.cpp" />
		<Unit filename="lib/token.h" />
		<Unit filename="lib/tokenize.cpp" />
		<Unit filename="lib/tokenize.h" />
		<Unit filename="test/options.cpp" />
		<Unit filename="test/options.h" />
		<Unit filename="test/redirect.h" />
		<Unit filename="test/test.cxx" />
		<Unit filename="test/test64bit.cpp" />
		<Unit filename="test/testassignif.cpp" />
		<Unit filename="test/testautovariables.cpp" />
		<Unit filename="test/testboost.cpp" />
		<Unit filename="test/testbufferoverrun.cpp" />
		<Unit filename="test/testcharvar.cpp" />
		<Unit filename="test/testclass.cpp" />
		<Unit filename="test/testcmdlineparser.cpp" />
		<Unit filename="test/testconstructors.cpp" />
		<Unit filename="test/testcppcheck.cpp" />
		<Unit filename="test/testdivision.cpp" />
		<Unit filename="test/testerrorlogger.cpp" />
		<Unit filename="test/testexceptionsafety.cpp" />
		<Unit filename="test/testfilelister.cpp" />
		<Unit filename="test/testfilelister_unix.cpp" />
		<Unit filename="test/testincompletestatement.cpp" />
		<Unit filename="test/testmathlib.cpp" />
		<Unit filename="test/testmemleak.cpp" />
		<Unit filename="test/testnonreentrantfunctions.cpp" />
		<Unit filename="test/testnullpointer.cpp" />
		<Unit filename="test/testobsolescentfunctions.cpp" />
		<Unit filename="test/testoptions.cpp" />
		<Unit filename="test/testother.cpp" />
		<Unit filename="test/testpath.cpp" />
		<Unit filename="test/testpathmatch.cpp" />
		<Unit filename="test/testpostfixoperator.cpp" />
		<Unit filename="test/testpreprocessor.cpp" />
		<Unit filename="test/testrunner.cpp" />
		<Unit filename="test/testsimplifytokens.cpp" />
		<Unit filename="test/teststl.cpp" />
		<Unit filename="test/testsuite.cpp" />
		<Unit filename="test/testsuite.h" />
		<Unit filename="test/testsuppressions.cpp" />
		<Unit filename="test/testsymboldatabase.cpp" />
		<Unit filename="test/testthreadexecutor.cpp" />
		<Unit filename="test/testtoken.cpp" />
		<Unit filename="test/testtokenize.cpp" />
		<Unit filename="test/testuninitvar.cpp" />
		<Unit filename="test/testunusedfunctions.cpp" />
		<Unit filename="test/testunusedprivfunc.cpp" />
		<Unit filename="test/testunusedvar.cpp" />
		<Unit filename="test/testutils.h" />
		<Unit filename="tools/dmake.cpp" />
		<Unit filename="tools/extracttests.cpp" />
		<Extensions>
			<code_completion />
			<debugger />
			<envvars />
		</Extensions>
	</Project>
</CodeBlocks_project_file>
