Microsoft Visual Studio Solution File, Format Version 10.00
# Visual C++ Express 2008
Project("{8BC9CEB8-8B4A-11D0-8D11-00A0C91BC942}") = "cppcheck", "cli\cppcheck.vcproj", "{A610CB5D-FA83-3FC9-96AB-5689E3B50CEC}"
EndProject
Project("{8BC9CEB8-8B4A-11D0-8D11-00A0C91BC942}") = "test", "test\test.vcproj", "{E690724D-4286-3049-8439-595D1CB80EAB}"
EndProject
Global
	GlobalSection(SolutionConfigurationPlatforms) = preSolution
		Debug|Win32 = Debug|Win32
		Debug-x64|Win32 = Debug-x64|Win32
		Release|Win32 = Release|Win32
		Release-x64|Win32 = Release-x64|Win32
	EndGlobalSection
	GlobalSection(ProjectConfigurationPlatforms) = postSolution
		{A610CB5D-FA83-3FC9-96AB-5689E3B50CEC}.Debug|Win32.ActiveCfg = Debug|Win32
		{A610CB5D-FA83-3FC9-96AB-5689E3B50CEC}.Debug|Win32.Build.0 = Debug|Win32
		{A610CB5D-FA83-3FC9-96AB-5689E3B50CEC}.Debug-x64|Win32.ActiveCfg = Debug-x64|Win32
		{A610CB5D-FA83-3FC9-96AB-5689E3B50CEC}.Debug-x64|Win32.Build.0 = Debug-x64|Win32
		{A610CB5D-FA83-3FC9-96AB-5689E3B50CEC}.Release|Win32.ActiveCfg = Release|Win32
		{A610CB5D-FA83-3FC9-96AB-5689E3B50CEC}.Release|Win32.Build.0 = Release|Win32
		{A610CB5D-FA83-3FC9-96AB-5689E3B50CEC}.Release-x64|Win32.ActiveCfg = Release-x64|Win32
		{A610CB5D-FA83-3FC9-96AB-5689E3B50CEC}.Release-x64|Win32.Build.0 = Release-x64|Win32
		{E690724D-4286-3049-8439-595D1CB80EAB}.Debug|Win32.ActiveCfg = Debug|Win32
		{E690724D-4286-3049-8439-595D1CB80EAB}.Debug|Win32.Build.0 = Debug|Win32
		{E690724D-4286-3049-8439-595D1CB80EAB}.Debug-x64|Win32.ActiveCfg = Debug-x64|Win32
		{E690724D-4286-3049-8439-595D1CB80EAB}.Debug-x64|Win32.Build.0 = Debug-x64|Win32
		{E690724D-4286-3049-8439-595D1CB80EAB}.Release|Win32.ActiveCfg = Release|Win32
		{E690724D-4286-3049-8439-595D1CB80EAB}.Release|Win32.Build.0 = Release|Win32
		{E690724D-4286-3049-8439-595D1CB80EAB}.Release-x64|Win32.ActiveCfg = Release-x64|Win32
		{E690724D-4286-3049-8439-595D1CB80EAB}.Release-x64|Win32.Build.0 = Release-x64|Win32
	EndGlobalSection
	GlobalSection(SolutionProperties) = preSolution
		HideSolutionNode = FALSE
	EndGlobalSection
EndGlobal
