<?xml version="1.0" encoding="UTF-8" standalone="yes" ?>
<CodeBlocks_project_file>
	<FileVersion major="1" minor="6" />
	<Project>
		<Option title="cppcheck" />
		<Option makefile_is_custom="1" />
		<Option pch_mode="2" />
		<Option compiler="gcc" />
		<Build>
			<Target title="cppcheck">
				<Option output="cppcheck" prefix_auto="1" extension_auto="1" />
				<Option type="1" />
				<Option compiler="gcc" />
				<Option parameters="p.cpp --debug" />
				<Compiler>
					<Add option="-g" />
				</Compiler>
			</Target>
			<Target title="testrunner">
				<Option output="testrunner" prefix_auto="1" extension_auto="1" />
				<Option type="1" />
				<Option compiler="gcc" />
				<Compiler>
					<Add option="-g" />
				</Compiler>
			</Target>
		</Build>
		<Compiler>
			<Add option="-Wall" />
			<Add option="-fexceptions" />
		</Compiler>
		<Unit filename="cli/cppcheckexecutor.cpp" />
		<Unit filename="cli/cppcheckexecutor.h" />
		<Unit filename="cli/main.cpp" />
		<Unit filename="cli/threadexecutor.cpp" />
		<Unit filename="cli/threadexecutor.h" />
		<Unit filename="gui/aboutdialog.cpp" />
		<Unit filename="gui/aboutdialog.h" />
		<Unit filename="gui/applicationdialog.cpp" />
		<Unit filename="gui/applicationdialog.h" />
		<Unit filename="gui/applicationlist.cpp" />
		<Unit filename="gui/applicationlist.h" />
		<Unit filename="gui/checkthread.cpp" />
		<Unit filename="gui/checkthread.h" />
		<Unit filename="gui/common.h" />
		<Unit filename="gui/csvreport.cpp" />
		<Unit filename="gui/csvreport.h" />
		<Unit filename="gui/fileviewdialog.cpp" />
		<Unit filename="gui/fileviewdialog.h" />
		<Unit filename="gui/main.cpp" />
		<Unit filename="gui/mainwindow.cpp" />
		<Unit filename="gui/mainwindow.h" />
		<Unit filename="gui/projectfile.cpp" />
		<Unit filename="gui/projectfile.h" />
		<Unit filename="gui/report.cpp" />
		<Unit filename="gui/report.h" />
		<Unit filename="gui/resultstree.cpp" />
		<Unit filename="gui/resultstree.h" />
		<Unit filename="gui/resultsview.cpp" />
		<Unit filename="gui/resultsview.h" />
		<Unit filename="gui/settingsdialog.cpp" />
		<Unit filename="gui/settingsdialog.h" />
		<Unit filename="gui/test.cpp" />
		<Unit filename="gui/threadhandler.cpp" />
		<Unit filename="gui/threadhandler.h" />
		<Unit filename="gui/threadresult.cpp" />
		<Unit filename="gui/threadresult.h" />
		<Unit filename="gui/translationhandler.cpp" />
		<Unit filename="gui/translationhandler.h" />
		<Unit filename="gui/txtreport.cpp" />
		<Unit filename="gui/txtreport.h" />
		<Unit filename="gui/xmlreport.cpp" />
		<Unit filename="gui/xmlreport.h" />
		<Unit filename="lib/check.h" />
		<Unit filename="lib/checkautovariables.cpp" />
		<Unit filename="lib/checkautovariables.h" />
		<Unit filename="lib/checkbufferoverrun.cpp" />
		<Unit filename="lib/checkbufferoverrun.h" />
		<Unit filename="lib/checkclass.cpp" />
		<Unit filename="lib/checkclass.h" />
		<Unit filename="lib/checkdangerousfunctions.cpp" />
		<Unit filename="lib/checkdangerousfunctions.h" />
		<Unit filename="lib/checkexceptionsafety.cpp" />
		<Unit filename="lib/checkexceptionsafety.h" />
		<Unit filename="lib/checkheaders.cpp" />
		<Unit filename="lib/checkheaders.h" />
		<Unit filename="lib/checkmemoryleak.cpp" />
		<Unit filename="lib/checkmemoryleak.h" />
		<Unit filename="lib/checkother.cpp" />
		<Unit filename="lib/checkother.h" />
		<Unit filename="lib/checkstl.cpp" />
		<Unit filename="lib/checkstl.h" />
		<Unit filename="lib/checkunusedfunctions.cpp" />
		<Unit filename="lib/checkunusedfunctions.h" />
		<Unit filename="lib/classinfo.h" />
		<Unit filename="lib/cppcheck.cpp" />
		<Unit filename="lib/cppcheck.h" />
		<Unit filename="lib/errorlogger.cpp" />
		<Unit filename="lib/errorlogger.h" />
		<Unit filename="lib/executionpath.cpp" />
		<Unit filename="lib/executionpath.h" />
		<Unit filename="lib/filelister.cpp" />
		<Unit filename="lib/filelister.h" />
		<Unit filename="lib/mathlib.cpp" />
		<Unit filename="lib/mathlib.h" />
		<Unit filename="lib/preprocessor.cpp" />
		<Unit filename="lib/preprocessor.h" />
		<Unit filename="lib/settings.cpp" />
		<Unit filename="lib/settings.h" />
		<Unit filename="lib/token.cpp" />
		<Unit filename="lib/token.h" />
		<Unit filename="lib/tokenize.cpp" />
		<Unit filename="lib/tokenize.h" />
		<Unit filename="test/testautovariables.cpp" />
		<Unit filename="test/testbufferoverrun.cpp" />
		<Unit filename="test/testcharvar.cpp" />
		<Unit filename="test/testclass.cpp" />
		<Unit filename="test/testconstructors.cpp" />
		<Unit filename="test/testcppcheck.cpp" />
		<Unit filename="test/testdangerousfunctions.cpp" />
		<Unit filename="test/testdivision.cpp" />
		<Unit filename="test/testexceptionsafety.cpp" />
		<Unit filename="test/testfilelister.cpp" />
		<Unit filename="test/testincompletestatement.cpp" />
		<Unit filename="test/testmathlib.cpp" />
		<Unit filename="test/testmemleak.cpp" />
		<Unit filename="test/testother.cpp" />
		<Unit filename="test/testpreprocessor.cpp" />
		<Unit filename="test/testredundantif.cpp" />
		<Unit filename="test/testrunner.cpp" />
		<Unit filename="test/testsecurity.cpp" />
		<Unit filename="test/testsimplifytokens.cpp" />
		<Unit filename="test/teststl.cpp" />
		<Unit filename="test/testsuite.cpp" />
		<Unit filename="test/testsuite.h" />
		<Unit filename="test/testtoken.cpp" />
		<Unit filename="test/testtokenize.cpp" />
		<Unit filename="test/testunusedfunctions.cpp" />
		<Unit filename="test/testunusedprivfunc.cpp" />
		<Unit filename="test/testunusedvar.cpp" />
		<Unit filename="tools/dmake.cpp" />
		<Unit filename="tools/extracttests.cpp" />
		<Extensions>
			<code_completion />
			<debugger />
			<envvars />
		</Extensions>
	</Project>
</CodeBlocks_project_file>
