Microsoft Visual Studio Solution File, Format Version 10.00
# Visual Studio 2008
Project("{8BC9CEB8-8B4A-11D0-8D11-00A0C91BC942}") = "cppcheck", "cli\cppcheck.vcproj", "{230A4467-25A6-3276-A1D0-CB521812CD43}"
EndProject
Project("{8BC9CEB8-8B4A-11D0-8D11-00A0C91BC942}") = "testrunner", "test\testrunner.vcproj", "{A1772A4C-E3F0-33FC-9A59-2189857FB799}"
EndProject
Global
	GlobalSection(SolutionConfigurationPlatforms) = preSolution
		Debug|Win32 = Debug|Win32
		Debug-x64|Win32 = Debug-x64|Win32
		Release|Win32 = Release|Win32
		Release-x64|Win32 = Release-x64|Win32
	EndGlobalSection
	GlobalSection(ProjectConfigurationPlatforms) = postSolution
		{230A4467-25A6-3276-A1D0-CB521812CD43}.Debug|Win32.ActiveCfg = Debug|Win32
		{230A4467-25A6-3276-A1D0-CB521812CD43}.Debug|Win32.Build.0 = Debug|Win32
		{230A4467-25A6-3276-A1D0-CB521812CD43}.Debug-x64|Win32.ActiveCfg = Debug-x64|Win32
		{230A4467-25A6-3276-A1D0-CB521812CD43}.Debug-x64|Win32.Build.0 = Debug-x64|Win32
		{230A4467-25A6-3276-A1D0-CB521812CD43}.Release|Win32.ActiveCfg = Release|Win32
		{230A4467-25A6-3276-A1D0-CB521812CD43}.Release|Win32.Build.0 = Release|Win32
		{230A4467-25A6-3276-A1D0-CB521812CD43}.Release-x64|Win32.ActiveCfg = Release-x64|Win32
		{230A4467-25A6-3276-A1D0-CB521812CD43}.Release-x64|Win32.Build.0 = Release-x64|Win32
		{A1772A4C-E3F0-33FC-9A59-2189857FB799}.Debug|Win32.ActiveCfg = Debug|Win32
		{A1772A4C-E3F0-33FC-9A59-2189857FB799}.Debug|Win32.Build.0 = Debug|Win32
		{A1772A4C-E3F0-33FC-9A59-2189857FB799}.Debug-x64|Win32.ActiveCfg = Debug-x64|Win32
		{A1772A4C-E3F0-33FC-9A59-2189857FB799}.Debug-x64|Win32.Build.0 = Debug-x64|Win32
		{A1772A4C-E3F0-33FC-9A59-2189857FB799}.Release|Win32.ActiveCfg = Release|Win32
		{A1772A4C-E3F0-33FC-9A59-2189857FB799}.Release|Win32.Build.0 = Release|Win32
		{A1772A4C-E3F0-33FC-9A59-2189857FB799}.Release-x64|Win32.ActiveCfg = Release-x64|Win32
		{A1772A4C-E3F0-33FC-9A59-2189857FB799}.Release-x64|Win32.Build.0 = Release-x64|Win32
	EndGlobalSection
	GlobalSection(SolutionProperties) = preSolution
		HideSolutionNode = FALSE
	EndGlobalSection
EndGlobal
