
Microsoft Visual Studio Solution File, Format Version 10.00
# Visual C++ Express 2008
Project("{8BC9CEB8-8B4A-11D0-8D11-00A0C91BC942}") = "testrunner", "testrunner.vcproj", "{ABA515EF-1C57-4980-8E40-2C937D212C9D}"
EndProject
Global
	GlobalSection(SolutionConfigurationPlatforms) = preSolution
		Debug|Win32 = Debug|Win32
		Release|Win32 = Release|Win32
	EndGlobalSection
	GlobalSection(ProjectConfigurationPlatforms) = postSolution
		{ABA515EF-1C57-4980-8E40-2C937D212C9D}.Debug|Win32.ActiveCfg = Debug|Win32
		{ABA515EF-1C57-4980-8E40-2C937D212C9D}.Debug|Win32.Build.0 = Debug|Win32
		{ABA515EF-1C57-4980-8E40-2C937D212C9D}.Release|Win32.ActiveCfg = Release|Win32
		{ABA515EF-1C57-4980-8E40-2C937D212C9D}.Release|Win32.Build.0 = Release|Win32
	EndGlobalSection
	GlobalSection(SolutionProperties) = preSolution
		HideSolutionNode = FALSE
	EndGlobalSection
EndGlobal
