
Microsoft Visual Studio Solution File, Format Version 12.00
# Visual Studio 15
VisualStudioVersion = 15.0.27130.2027
MinimumVisualStudioVersion = 10.0.40219.1
Project("{8BC9CEB8-8B4A-11D0-8D11-00A0C91BC942}") = "helloworld", "helloworld.vcxproj", "{7319858B-261C-4F0D-B022-92BB896242DD}"
EndProject
Global
	GlobalSection(SolutionConfigurationPlatforms) = preSolution
		Debug|x64 = Debug|x64
		Debug|x86 = Debug|x86
		Release|x64 = Release|x64
		Release|x86 = Release|x86
	EndGlobalSection
	GlobalSection(ProjectConfigurationPlatforms) = postSolution
		{7319858B-261C-4F0D-B022-92BB896242DD}.Debug|x64.ActiveCfg = Debug|x64
		{7319858B-261C-4F0D-B022-92BB896242DD}.Debug|x64.Build.0 = Debug|x64
		{7319858B-261C-4F0D-B022-92BB896242DD}.Debug|x86.ActiveCfg = Debug|Win32
		{7319858B-261C-4F0D-B022-92BB896242DD}.Debug|x86.Build.0 = Debug|Win32
		{7319858B-261C-4F0D-B022-92BB896242DD}.Release|x64.ActiveCfg = Release|x64
		{7319858B-261C-4F0D-B022-92BB896242DD}.Release|x64.Build.0 = Release|x64
		{7319858B-261C-4F0D-B022-92BB896242DD}.Release|x86.ActiveCfg = Release|Win32
		{7319858B-261C-4F0D-B022-92BB896242DD}.Release|x86.Build.0 = Release|Win32
	EndGlobalSection
	GlobalSection(SolutionProperties) = preSolution
		HideSolutionNode = FALSE
	EndGlobalSection
	GlobalSection(ExtensibilityGlobals) = postSolution
		SolutionGuid = {C787A78A-D377-4103-9389-2594C573ED55}
	EndGlobalSection
EndGlobal
