// !$*UTF8*$!
{
	archiveVersion = 1;
	classes = {
	};
	objectVersion = 46;
	objects = {

/* Begin PBXBuildFile section */
		39E60EB91270DE3A00AC0D02 /* checkautovariables.cpp in Sources */ = {isa = PBXBuildFile; fileRef = 39E60E8D1270DE3A00AC0D02 /* checkautovariables.cpp */; };
		39E60EBA1270DE3A00AC0D02 /* checkbufferoverrun.cpp in Sources */ = {isa = PBXBuildFile; fileRef = 39E60E8F1270DE3A00AC0D02 /* checkbufferoverrun.cpp */; };
		39E60EBB1270DE3A00AC0D02 /* checkclass.cpp in Sources */ = {isa = PBXBuildFile; fileRef = 39E60E911270DE3A00AC0D02 /* checkclass.cpp */; };
		39E60EBC1270DE3A00AC0D02 /* checkexceptionsafety.cpp in Sources */ = {isa = PBXBuildFile; fileRef = 39E60E931270DE3A00AC0D02 /* checkexceptionsafety.cpp */; };
		39E60EBD1270DE3A00AC0D02 /* checkmemoryleak.cpp in Sources */ = {isa = PBXBuildFile; fileRef = 39E60E951270DE3A00AC0D02 /* checkmemoryleak.cpp */; };
		39E60EBE1270DE3A00AC0D02 /* checkobsolescentfunctions.cpp in Sources */ = {isa = PBXBuildFile; fileRef = 39E60E971270DE3A00AC0D02 /* checkobsolescentfunctions.cpp */; };
		39E60EBF1270DE3A00AC0D02 /* checkother.cpp in Sources */ = {isa = PBXBuildFile; fileRef = 39E60E991270DE3A00AC0D02 /* checkother.cpp */; };
		39E60EC01270DE3A00AC0D02 /* checkpostfixoperator.cpp in Sources */ = {isa = PBXBuildFile; fileRef = 39E60E9B1270DE3A00AC0D02 /* checkpostfixoperator.cpp */; };
		39E60EC11270DE3A00AC0D02 /* checkstl.cpp in Sources */ = {isa = PBXBuildFile; fileRef = 39E60E9D1270DE3A00AC0D02 /* checkstl.cpp */; };
		39E60EC21270DE3A00AC0D02 /* checkunusedfunctions.cpp in Sources */ = {isa = PBXBuildFile; fileRef = 39E60E9F1270DE3A00AC0D02 /* checkunusedfunctions.cpp */; };
		39E60EC31270DE3A00AC0D02 /* cppcheck.cpp in Sources */ = {isa = PBXBuildFile; fileRef = 39E60EA11270DE3A00AC0D02 /* cppcheck.cpp */; };
		39E60EC41270DE3A00AC0D02 /* errorlogger.cpp in Sources */ = {isa = PBXBuildFile; fileRef = 39E60EA31270DE3A00AC0D02 /* errorlogger.cpp */; };
		39E60EC51270DE3A00AC0D02 /* executionpath.cpp in Sources */ = {isa = PBXBuildFile; fileRef = 39E60EA51270DE3A00AC0D02 /* executionpath.cpp */; };
		39E60EC81270DE3A00AC0D02 /* mathlib.cpp in Sources */ = {isa = PBXBuildFile; fileRef = 39E60EAB1270DE3A00AC0D02 /* mathlib.cpp */; };
		39E60EC91270DE3A00AC0D02 /* path.cpp in Sources */ = {isa = PBXBuildFile; fileRef = 39E60EAD1270DE3A00AC0D02 /* path.cpp */; };
		39E60ECA1270DE3A00AC0D02 /* preprocessor.cpp in Sources */ = {isa = PBXBuildFile; fileRef = 39E60EAF1270DE3A00AC0D02 /* preprocessor.cpp */; };
		39E60ECB1270DE3A00AC0D02 /* settings.cpp in Sources */ = {isa = PBXBuildFile; fileRef = 39E60EB11270DE3A00AC0D02 /* settings.cpp */; };
		39E60ECC1270DE3A00AC0D02 /* timer.cpp in Sources */ = {isa = PBXBuildFile; fileRef = 39E60EB31270DE3A00AC0D02 /* timer.cpp */; };
		39E60ECD1270DE3A00AC0D02 /* token.cpp in Sources */ = {isa = PBXBuildFile; fileRef = 39E60EB51270DE3A00AC0D02 /* token.cpp */; };
		39E60ECE1270DE3A00AC0D02 /* tokenize.cpp in Sources */ = {isa = PBXBuildFile; fileRef = 39E60EB71270DE3A00AC0D02 /* tokenize.cpp */; };
		39E60ED61270DE5000AC0D02 /* cmdlineparser.cpp in Sources */ = {isa = PBXBuildFile; fileRef = 39E60ECF1270DE5000AC0D02 /* cmdlineparser.cpp */; };
		39E60ED71270DE5000AC0D02 /* cppcheckexecutor.cpp in Sources */ = {isa = PBXBuildFile; fileRef = 39E60ED11270DE5000AC0D02 /* cppcheckexecutor.cpp */; };
		39E60ED81270DE5000AC0D02 /* main.cpp in Sources */ = {isa = PBXBuildFile; fileRef = 39E60ED31270DE5000AC0D02 /* main.cpp */; };
		39E60ED91270DE5000AC0D02 /* threadexecutor.cpp in Sources */ = {isa = PBXBuildFile; fileRef = 39E60ED41270DE5000AC0D02 /* threadexecutor.cpp */; };
		F4043DB1177F08A800CD5A40 /* filelister.cpp in Sources */ = {isa = PBXBuildFile; fileRef = F4043DAD177F08A800CD5A40 /* filelister.cpp */; };
		F4043DB2177F08A800CD5A40 /* pathmatch.cpp in Sources */ = {isa = PBXBuildFile; fileRef = F4043DAF177F08A800CD5A40 /* pathmatch.cpp */; };
		F4043DD7177F093300CD5A40 /* check64bit.cpp in Sources */ = {isa = PBXBuildFile; fileRef = F4043DB3177F093300CD5A40 /* check64bit.cpp */; };
		F4043DD8177F093300CD5A40 /* checkassert.cpp in Sources */ = {isa = PBXBuildFile; fileRef = F4043DB5177F093300CD5A40 /* checkassert.cpp */; };
		F4043DDA177F093300CD5A40 /* checkbool.cpp in Sources */ = {isa = PBXBuildFile; fileRef = F4043DB9177F093300CD5A40 /* checkbool.cpp */; };
		F4043DDB177F093300CD5A40 /* checkboost.cpp in Sources */ = {isa = PBXBuildFile; fileRef = F4043DBB177F093300CD5A40 /* checkboost.cpp */; };
		F4043DDC177F093300CD5A40 /* checkinternal.cpp in Sources */ = {isa = PBXBuildFile; fileRef = F4043DBD177F093300CD5A40 /* checkinternal.cpp */; };
		F4043DDD177F093300CD5A40 /* checkio.cpp in Sources */ = {isa = PBXBuildFile; fileRef = F4043DBF177F093300CD5A40 /* checkio.cpp */; };
		F4043DDE177F093300CD5A40 /* checkleakautovar.cpp in Sources */ = {isa = PBXBuildFile; fileRef = F4043DC1177F093300CD5A40 /* checkleakautovar.cpp */; };
		F4043DDF177F093300CD5A40 /* checknonreentrantfunctions.cpp in Sources */ = {isa = PBXBuildFile; fileRef = F4043DC3177F093300CD5A40 /* checknonreentrantfunctions.cpp */; };
		F4043DE0177F093300CD5A40 /* checknullpointer.cpp in Sources */ = {isa = PBXBuildFile; fileRef = F4043DC5177F093300CD5A40 /* checknullpointer.cpp */; };
		F4043DE1177F093300CD5A40 /* checksizeof.cpp in Sources */ = {isa = PBXBuildFile; fileRef = F4043DC7177F093300CD5A40 /* checksizeof.cpp */; };
		F4043DE2177F093300CD5A40 /* checkuninitvar.cpp in Sources */ = {isa = PBXBuildFile; fileRef = F4043DC9177F093300CD5A40 /* checkuninitvar.cpp */; };
		F4043DE3177F093300CD5A40 /* checkunusedvar.cpp in Sources */ = {isa = PBXBuildFile; fileRef = F4043DCB177F093300CD5A40 /* checkunusedvar.cpp */; };
		F4043DE4177F093300CD5A40 /* suppressions.cpp in Sources */ = {isa = PBXBuildFile; fileRef = F4043DCE177F093300CD5A40 /* suppressions.cpp */; };
		F4043DE5177F093300CD5A40 /* symboldatabase.cpp in Sources */ = {isa = PBXBuildFile; fileRef = F4043DD0177F093300CD5A40 /* symboldatabase.cpp */; };
		F4043DE6177F093300CD5A40 /* templatesimplifier.cpp in Sources */ = {isa = PBXBuildFile; fileRef = F4043DD2177F093300CD5A40 /* templatesimplifier.cpp */; };
		F4043DE7177F093300CD5A40 /* tokenlist.cpp in Sources */ = {isa = PBXBuildFile; fileRef = F4043DD4177F093300CD5A40 /* tokenlist.cpp */; };
		F47E508317896AEB00C684DC /* tinyxml2.cpp in Sources */ = {isa = PBXBuildFile; fileRef = F47E508117896AEB00C684DC /* tinyxml2.cpp */; };
		F497C28C1AB41D5C003B96CF /* check.cpp in Sources */ = {isa = PBXBuildFile; fileRef = F497C2831AB41D5C003B96CF /* check.cpp */; };
		F497C28D1AB41D5C003B96CF /* checkcondition.cpp in Sources */ = {isa = PBXBuildFile; fileRef = F497C2841AB41D5C003B96CF /* checkcondition.cpp */; };
		F497C28E1AB41D5C003B96CF /* checkstring.cpp in Sources */ = {isa = PBXBuildFile; fileRef = F497C2861AB41D5C003B96CF /* checkstring.cpp */; };
		F497C28F1AB41D5C003B96CF /* checktype.cpp in Sources */ = {isa = PBXBuildFile; fileRef = F497C2881AB41D5C003B96CF /* checktype.cpp */; };
		F497C2901AB41D5C003B96CF /* checkvaarg.cpp in Sources */ = {isa = PBXBuildFile; fileRef = F497C2891AB41D5C003B96CF /* checkvaarg.cpp */; };
		F4C348661825679E00521683 /* cmdlineparser.cpp in Sources */ = {isa = PBXBuildFile; fileRef = 39E60ECF1270DE5000AC0D02 /* cmdlineparser.cpp */; };
		F4C348671825679F00521683 /* cppcheckexecutor.cpp in Sources */ = {isa = PBXBuildFile; fileRef = 39E60ED11270DE5000AC0D02 /* cppcheckexecutor.cpp */; };
		F4C348681825679F00521683 /* filelister.cpp in Sources */ = {isa = PBXBuildFile; fileRef = F4043DAD177F08A800CD5A40 /* filelister.cpp */; };
		F4C348691825679F00521683 /* pathmatch.cpp in Sources */ = {isa = PBXBuildFile; fileRef = F4043DAF177F08A800CD5A40 /* pathmatch.cpp */; };
		F4C3486A1825679F00521683 /* threadexecutor.cpp in Sources */ = {isa = PBXBuildFile; fileRef = 39E60ED41270DE5000AC0D02 /* threadexecutor.cpp */; };
		F4C3486C1825692B00521683 /* options.cpp in Sources */ = {isa = PBXBuildFile; fileRef = F45BDD8717AB8511006C06AF /* options.cpp */; };
		F4C3486D1825692B00521683 /* test64bit.cpp in Sources */ = {isa = PBXBuildFile; fileRef = F45BDD8917AB8511006C06AF /* test64bit.cpp */; };
		F4C3486E1825692B00521683 /* testassert.cpp in Sources */ = {isa = PBXBuildFile; fileRef = F45BDD8A17AB8511006C06AF /* testassert.cpp */; };
		F4C3486F1825692B00521683 /* testassignif.cpp in Sources */ = {isa = PBXBuildFile; fileRef = F45BDD8B17AB8511006C06AF /* testassignif.cpp */; };
		F4C348701825692B00521683 /* testautovariables.cpp in Sources */ = {isa = PBXBuildFile; fileRef = F45BDD8C17AB8511006C06AF /* testautovariables.cpp */; };
		F4C348711825692B00521683 /* testbool.cpp in Sources */ = {isa = PBXBuildFile; fileRef = F45BDD8D17AB8511006C06AF /* testbool.cpp */; };
		F4C348721825692B00521683 /* testboost.cpp in Sources */ = {isa = PBXBuildFile; fileRef = F45BDD8E17AB8511006C06AF /* testboost.cpp */; };
		F4C348731825692B00521683 /* testbufferoverrun.cpp in Sources */ = {isa = PBXBuildFile; fileRef = F45BDD8F17AB8511006C06AF /* testbufferoverrun.cpp */; };
		F4C348741825692B00521683 /* testcharvar.cpp in Sources */ = {isa = PBXBuildFile; fileRef = F45BDD9017AB8511006C06AF /* testcharvar.cpp */; };
		F4C348751825692B00521683 /* testclass.cpp in Sources */ = {isa = PBXBuildFile; fileRef = F45BDD9117AB8511006C06AF /* testclass.cpp */; };
		F4C348761825692B00521683 /* testcmdlineparser.cpp in Sources */ = {isa = PBXBuildFile; fileRef = F45BDD9217AB8511006C06AF /* testcmdlineparser.cpp */; };
		F4C348771825692B00521683 /* testconstructors.cpp in Sources */ = {isa = PBXBuildFile; fileRef = F45BDD9317AB8511006C06AF /* testconstructors.cpp */; };
		F4C348781825692B00521683 /* testcppcheck.cpp in Sources */ = {isa = PBXBuildFile; fileRef = F45BDD9417AB8511006C06AF /* testcppcheck.cpp */; };
		F4C348791825692B00521683 /* testdivision.cpp in Sources */ = {isa = PBXBuildFile; fileRef = F45BDD9517AB8511006C06AF /* testdivision.cpp */; };
		F4C3487A1825692B00521683 /* testerrorlogger.cpp in Sources */ = {isa = PBXBuildFile; fileRef = F45BDD9617AB8511006C06AF /* testerrorlogger.cpp */; };
		F4C3487B1825692B00521683 /* testexceptionsafety.cpp in Sources */ = {isa = PBXBuildFile; fileRef = F45BDD9717AB8511006C06AF /* testexceptionsafety.cpp */; };
		F4C3487C1825692B00521683 /* testfilelister.cpp in Sources */ = {isa = PBXBuildFile; fileRef = F45BDD9817AB8511006C06AF /* testfilelister.cpp */; };
		F4C3487D1825692B00521683 /* testincompletestatement.cpp in Sources */ = {isa = PBXBuildFile; fileRef = F45BDD9917AB8511006C06AF /* testincompletestatement.cpp */; };
		F4C3487E1825692B00521683 /* testinternal.cpp in Sources */ = {isa = PBXBuildFile; fileRef = F45BDD9A17AB8511006C06AF /* testinternal.cpp */; };
		F4C3487F1825692B00521683 /* testio.cpp in Sources */ = {isa = PBXBuildFile; fileRef = F45BDD9B17AB8511006C06AF /* testio.cpp */; };
		F4C348801825692B00521683 /* testleakautovar.cpp in Sources */ = {isa = PBXBuildFile; fileRef = F45BDD9C17AB8511006C06AF /* testleakautovar.cpp */; };
		F4C348811825692B00521683 /* testmathlib.cpp in Sources */ = {isa = PBXBuildFile; fileRef = F45BDD9D17AB8511006C06AF /* testmathlib.cpp */; };
		F4C348821825692B00521683 /* testmemleak.cpp in Sources */ = {isa = PBXBuildFile; fileRef = F45BDD9E17AB8511006C06AF /* testmemleak.cpp */; };
		F4C348831825692B00521683 /* testnonreentrantfunctions.cpp in Sources */ = {isa = PBXBuildFile; fileRef = F45BDD9F17AB8511006C06AF /* testnonreentrantfunctions.cpp */; };
		F4C348841825692B00521683 /* testnullpointer.cpp in Sources */ = {isa = PBXBuildFile; fileRef = F45BDDA017AB8511006C06AF /* testnullpointer.cpp */; };
		F4C348851825692B00521683 /* testobsolescentfunctions.cpp in Sources */ = {isa = PBXBuildFile; fileRef = F45BDDA117AB8511006C06AF /* testobsolescentfunctions.cpp */; };
		F4C348861825692B00521683 /* testoptions.cpp in Sources */ = {isa = PBXBuildFile; fileRef = F45BDDA217AB8511006C06AF /* testoptions.cpp */; };
		F4C348871825692B00521683 /* testother.cpp in Sources */ = {isa = PBXBuildFile; fileRef = F45BDDA317AB8511006C06AF /* testother.cpp */; };
		F4C348881825692B00521683 /* testpath.cpp in Sources */ = {isa = PBXBuildFile; fileRef = F45BDDA417AB8511006C06AF /* testpath.cpp */; };
		F4C348891825692B00521683 /* testpathmatch.cpp in Sources */ = {isa = PBXBuildFile; fileRef = F45BDDA517AB8511006C06AF /* testpathmatch.cpp */; };
		F4C3488A1825692B00521683 /* testpostfixoperator.cpp in Sources */ = {isa = PBXBuildFile; fileRef = F45BDDA617AB8511006C06AF /* testpostfixoperator.cpp */; };
		F4C3488B1825692B00521683 /* testpreprocessor.cpp in Sources */ = {isa = PBXBuildFile; fileRef = F45BDDA717AB8511006C06AF /* testpreprocessor.cpp */; };
		F4C3488C1825692B00521683 /* testrunner.cpp in Sources */ = {isa = PBXBuildFile; fileRef = F45BDDA817AB8511006C06AF /* testrunner.cpp */; };
		F4C3488D1825692B00521683 /* testsimplifytokens.cpp in Sources */ = {isa = PBXBuildFile; fileRef = F45BDDA917AB8511006C06AF /* testsimplifytokens.cpp */; };
		F4C3488E1825692B00521683 /* testsizeof.cpp in Sources */ = {isa = PBXBuildFile; fileRef = F45BDDAA17AB8511006C06AF /* testsizeof.cpp */; };
		F4C3488F1825692B00521683 /* teststl.cpp in Sources */ = {isa = PBXBuildFile; fileRef = F45BDDAB17AB8511006C06AF /* teststl.cpp */; };
		F4C348901825692B00521683 /* testsuite.cpp in Sources */ = {isa = PBXBuildFile; fileRef = F45BDDAC17AB8511006C06AF /* testsuite.cpp */; };
		F4C348911825692B00521683 /* testsuppressions.cpp in Sources */ = {isa = PBXBuildFile; fileRef = F45BDDAD17AB8511006C06AF /* testsuppressions.cpp */; };
		F4C348921825692B00521683 /* testsymboldatabase.cpp in Sources */ = {isa = PBXBuildFile; fileRef = F45BDDAE17AB8511006C06AF /* testsymboldatabase.cpp */; };
		F4C348931825692B00521683 /* testthreadexecutor.cpp in Sources */ = {isa = PBXBuildFile; fileRef = F45BDDAF17AB8511006C06AF /* testthreadexecutor.cpp */; };
		F4C348941825692B00521683 /* testtimer.cpp in Sources */ = {isa = PBXBuildFile; fileRef = F45BDDB017AB8511006C06AF /* testtimer.cpp */; };
		F4C348951825692B00521683 /* testtoken.cpp in Sources */ = {isa = PBXBuildFile; fileRef = F45BDDB117AB8511006C06AF /* testtoken.cpp */; };
		F4C348961825692B00521683 /* testtokenize.cpp in Sources */ = {isa = PBXBuildFile; fileRef = F45BDDB217AB8511006C06AF /* testtokenize.cpp */; };
		F4C348971825692B00521683 /* testuninitvar.cpp in Sources */ = {isa = PBXBuildFile; fileRef = F45BDDB317AB8511006C06AF /* testuninitvar.cpp */; };
		F4C348981825692B00521683 /* testunusedfunctions.cpp in Sources */ = {isa = PBXBuildFile; fileRef = F45BDDB417AB8511006C06AF /* testunusedfunctions.cpp */; };
		F4C348991825692B00521683 /* testunusedprivfunc.cpp in Sources */ = {isa = PBXBuildFile; fileRef = F45BDDB517AB8511006C06AF /* testunusedprivfunc.cpp */; };
		F4C3489A1825692B00521683 /* testunusedvar.cpp in Sources */ = {isa = PBXBuildFile; fileRef = F45BDDB617AB8511006C06AF /* testunusedvar.cpp */; };
		F4C3489B18256A4500521683 /* check64bit.cpp in Sources */ = {isa = PBXBuildFile; fileRef = F4043DB3177F093300CD5A40 /* check64bit.cpp */; };
		F4C3489C18256A4500521683 /* checkassert.cpp in Sources */ = {isa = PBXBuildFile; fileRef = F4043DB5177F093300CD5A40 /* checkassert.cpp */; };
		F4C3489E18256A4500521683 /* checkautovariables.cpp in Sources */ = {isa = PBXBuildFile; fileRef = 39E60E8D1270DE3A00AC0D02 /* checkautovariables.cpp */; };
		F4C3489F18256A4500521683 /* checkbool.cpp in Sources */ = {isa = PBXBuildFile; fileRef = F4043DB9177F093300CD5A40 /* checkbool.cpp */; };
		F4C348A018256A4500521683 /* checkboost.cpp in Sources */ = {isa = PBXBuildFile; fileRef = F4043DBB177F093300CD5A40 /* checkboost.cpp */; };
		F4C348A118256A4500521683 /* checkbufferoverrun.cpp in Sources */ = {isa = PBXBuildFile; fileRef = 39E60E8F1270DE3A00AC0D02 /* checkbufferoverrun.cpp */; };
		F4C348A218256A4500521683 /* checkclass.cpp in Sources */ = {isa = PBXBuildFile; fileRef = 39E60E911270DE3A00AC0D02 /* checkclass.cpp */; };
		F4C348A318256A4500521683 /* checkexceptionsafety.cpp in Sources */ = {isa = PBXBuildFile; fileRef = 39E60E931270DE3A00AC0D02 /* checkexceptionsafety.cpp */; };
		F4C348A418256A4500521683 /* checkinternal.cpp in Sources */ = {isa = PBXBuildFile; fileRef = F4043DBD177F093300CD5A40 /* checkinternal.cpp */; };
		F4C348A518256A4500521683 /* checkio.cpp in Sources */ = {isa = PBXBuildFile; fileRef = F4043DBF177F093300CD5A40 /* checkio.cpp */; };
		F4C348A618256A4500521683 /* checkleakautovar.cpp in Sources */ = {isa = PBXBuildFile; fileRef = F4043DC1177F093300CD5A40 /* checkleakautovar.cpp */; };
		F4C348A718256A4500521683 /* checkmemoryleak.cpp in Sources */ = {isa = PBXBuildFile; fileRef = 39E60E951270DE3A00AC0D02 /* checkmemoryleak.cpp */; };
		F4C348A818256A4500521683 /* checknonreentrantfunctions.cpp in Sources */ = {isa = PBXBuildFile; fileRef = F4043DC3177F093300CD5A40 /* checknonreentrantfunctions.cpp */; };
		F4C348A918256A4500521683 /* checknullpointer.cpp in Sources */ = {isa = PBXBuildFile; fileRef = F4043DC5177F093300CD5A40 /* checknullpointer.cpp */; };
		F4C348AA18256A4500521683 /* checkobsolescentfunctions.cpp in Sources */ = {isa = PBXBuildFile; fileRef = 39E60E971270DE3A00AC0D02 /* checkobsolescentfunctions.cpp */; };
		F4C348AB18256A4500521683 /* checkother.cpp in Sources */ = {isa = PBXBuildFile; fileRef = 39E60E991270DE3A00AC0D02 /* checkother.cpp */; };
		F4C348AC18256A4500521683 /* checkpostfixoperator.cpp in Sources */ = {isa = PBXBuildFile; fileRef = 39E60E9B1270DE3A00AC0D02 /* checkpostfixoperator.cpp */; };
		F4C348AD18256A4500521683 /* checksizeof.cpp in Sources */ = {isa = PBXBuildFile; fileRef = F4043DC7177F093300CD5A40 /* checksizeof.cpp */; };
		F4C348AE18256A4500521683 /* checkstl.cpp in Sources */ = {isa = PBXBuildFile; fileRef = 39E60E9D1270DE3A00AC0D02 /* checkstl.cpp */; };
		F4C348AF18256A4500521683 /* checkuninitvar.cpp in Sources */ = {isa = PBXBuildFile; fileRef = F4043DC9177F093300CD5A40 /* checkuninitvar.cpp */; };
		F4C348B018256A4500521683 /* checkunusedfunctions.cpp in Sources */ = {isa = PBXBuildFile; fileRef = 39E60E9F1270DE3A00AC0D02 /* checkunusedfunctions.cpp */; };
		F4C348B118256A4500521683 /* checkunusedvar.cpp in Sources */ = {isa = PBXBuildFile; fileRef = F4043DCB177F093300CD5A40 /* checkunusedvar.cpp */; };
		F4C348B218256A4500521683 /* errorlogger.cpp in Sources */ = {isa = PBXBuildFile; fileRef = 39E60EA31270DE3A00AC0D02 /* errorlogger.cpp */; };
		F4C348B318256A4500521683 /* executionpath.cpp in Sources */ = {isa = PBXBuildFile; fileRef = 39E60EA51270DE3A00AC0D02 /* executionpath.cpp */; };
		F4C348B418256A4500521683 /* mathlib.cpp in Sources */ = {isa = PBXBuildFile; fileRef = 39E60EAB1270DE3A00AC0D02 /* mathlib.cpp */; };
		F4C348B518256A4500521683 /* path.cpp in Sources */ = {isa = PBXBuildFile; fileRef = 39E60EAD1270DE3A00AC0D02 /* path.cpp */; };
		F4C348B618256A4500521683 /* preprocessor.cpp in Sources */ = {isa = PBXBuildFile; fileRef = 39E60EAF1270DE3A00AC0D02 /* preprocessor.cpp */; };
		F4C348B718256A4500521683 /* settings.cpp in Sources */ = {isa = PBXBuildFile; fileRef = 39E60EB11270DE3A00AC0D02 /* settings.cpp */; };
		F4C348B818256A4500521683 /* suppressions.cpp in Sources */ = {isa = PBXBuildFile; fileRef = F4043DCE177F093300CD5A40 /* suppressions.cpp */; };
		F4C348B918256A4500521683 /* symboldatabase.cpp in Sources */ = {isa = PBXBuildFile; fileRef = F4043DD0177F093300CD5A40 /* symboldatabase.cpp */; };
		F4C348BA18256A4500521683 /* templatesimplifier.cpp in Sources */ = {isa = PBXBuildFile; fileRef = F4043DD2177F093300CD5A40 /* templatesimplifier.cpp */; };
		F4C348BB18256A4500521683 /* timer.cpp in Sources */ = {isa = PBXBuildFile; fileRef = 39E60EB31270DE3A00AC0D02 /* timer.cpp */; };
		F4C348BC18256A4500521683 /* token.cpp in Sources */ = {isa = PBXBuildFile; fileRef = 39E60EB51270DE3A00AC0D02 /* token.cpp */; };
		F4C348BD18256A4500521683 /* tokenize.cpp in Sources */ = {isa = PBXBuildFile; fileRef = 39E60EB71270DE3A00AC0D02 /* tokenize.cpp */; };
		F4C348BE18256A4500521683 /* tokenlist.cpp in Sources */ = {isa = PBXBuildFile; fileRef = F4043DD4177F093300CD5A40 /* tokenlist.cpp */; };
		F4C348BF18256A8700521683 /* tinyxml2.cpp in Sources */ = {isa = PBXBuildFile; fileRef = F47E508117896AEB00C684DC /* tinyxml2.cpp */; };
		F4C348C018256A8700521683 /* library.cpp in Sources */ = {isa = PBXBuildFile; fileRef = F4CF847C17B6504100522F24 /* library.cpp */; };
		F4C348C118256A9900521683 /* cppcheck.cpp in Sources */ = {isa = PBXBuildFile; fileRef = 39E60EA11270DE3A00AC0D02 /* cppcheck.cpp */; };
		F4CDD6981880888F006CF685 /* valueflow.cpp in Sources */ = {isa = PBXBuildFile; fileRef = F4CDD6961880888F006CF685 /* valueflow.cpp */; };
		F4CDD69918808927006CF685 /* valueflow.cpp in Sources */ = {isa = PBXBuildFile; fileRef = F4CDD6961880888F006CF685 /* valueflow.cpp */; };
		F4CF847D17B6504100522F24 /* library.cpp in Sources */ = {isa = PBXBuildFile; fileRef = F4CF847C17B6504100522F24 /* library.cpp */; };
/* End PBXBuildFile section */

/* Begin PBXCopyFilesBuildPhase section */
		8DD76F690486A84900D96B5E /* CopyFiles */ = {
			isa = PBXCopyFilesBuildPhase;
			buildActionMask = 8;
			dstPath = /usr/share/man/man1/;
			dstSubfolderSpec = 0;
			files = (
			);
			runOnlyForDeploymentPostprocessing = 1;
		};
		F4C3485E182566E800521683 /* CopyFiles */ = {
			isa = PBXCopyFilesBuildPhase;
			buildActionMask = 2147483647;
			dstPath = /usr/share/man/man1/;
			dstSubfolderSpec = 0;
			files = (
			);
			runOnlyForDeploymentPostprocessing = 1;
		};
/* End PBXCopyFilesBuildPhase section */

/* Begin PBXFileReference section */
		39E60E8C1270DE3A00AC0D02 /* check.h */ = {isa = PBXFileReference; fileEncoding = 4; lastKnownFileType = sourcecode.c.h; name = check.h; path = lib/check.h; sourceTree = "<group>"; };
		39E60E8D1270DE3A00AC0D02 /* checkautovariables.cpp */ = {isa = PBXFileReference; fileEncoding = 4; lastKnownFileType = sourcecode.cpp.cpp; name = checkautovariables.cpp; path = lib/checkautovariables.cpp; sourceTree = "<group>"; };
		39E60E8E1270DE3A00AC0D02 /* checkautovariables.h */ = {isa = PBXFileReference; fileEncoding = 4; lastKnownFileType = sourcecode.c.h; name = checkautovariables.h; path = lib/checkautovariables.h; sourceTree = "<group>"; };
		39E60E8F1270DE3A00AC0D02 /* checkbufferoverrun.cpp */ = {isa = PBXFileReference; fileEncoding = 4; lastKnownFileType = sourcecode.cpp.cpp; name = checkbufferoverrun.cpp; path = lib/checkbufferoverrun.cpp; sourceTree = "<group>"; };
		39E60E901270DE3A00AC0D02 /* checkbufferoverrun.h */ = {isa = PBXFileReference; fileEncoding = 4; lastKnownFileType = sourcecode.c.h; name = checkbufferoverrun.h; path = lib/checkbufferoverrun.h; sourceTree = "<group>"; };
		39E60E911270DE3A00AC0D02 /* checkclass.cpp */ = {isa = PBXFileReference; fileEncoding = 4; lastKnownFileType = sourcecode.cpp.cpp; name = checkclass.cpp; path = lib/checkclass.cpp; sourceTree = "<group>"; };
		39E60E921270DE3A00AC0D02 /* checkclass.h */ = {isa = PBXFileReference; fileEncoding = 4; lastKnownFileType = sourcecode.c.h; name = checkclass.h; path = lib/checkclass.h; sourceTree = "<group>"; };
		39E60E931270DE3A00AC0D02 /* checkexceptionsafety.cpp */ = {isa = PBXFileReference; fileEncoding = 4; lastKnownFileType = sourcecode.cpp.cpp; name = checkexceptionsafety.cpp; path = lib/checkexceptionsafety.cpp; sourceTree = "<group>"; };
		39E60E941270DE3A00AC0D02 /* checkexceptionsafety.h */ = {isa = PBXFileReference; fileEncoding = 4; lastKnownFileType = sourcecode.c.h; name = checkexceptionsafety.h; path = lib/checkexceptionsafety.h; sourceTree = "<group>"; };
		39E60E951270DE3A00AC0D02 /* checkmemoryleak.cpp */ = {isa = PBXFileReference; fileEncoding = 4; lastKnownFileType = sourcecode.cpp.cpp; name = checkmemoryleak.cpp; path = lib/checkmemoryleak.cpp; sourceTree = "<group>"; };
		39E60E961270DE3A00AC0D02 /* checkmemoryleak.h */ = {isa = PBXFileReference; fileEncoding = 4; lastKnownFileType = sourcecode.c.h; name = checkmemoryleak.h; path = lib/checkmemoryleak.h; sourceTree = "<group>"; };
		39E60E971270DE3A00AC0D02 /* checkobsolescentfunctions.cpp */ = {isa = PBXFileReference; fileEncoding = 4; lastKnownFileType = sourcecode.cpp.cpp; name = checkobsolescentfunctions.cpp; path = lib/checkobsolescentfunctions.cpp; sourceTree = "<group>"; };
		39E60E981270DE3A00AC0D02 /* checkobsolescentfunctions.h */ = {isa = PBXFileReference; fileEncoding = 4; lastKnownFileType = sourcecode.c.h; name = checkobsolescentfunctions.h; path = lib/checkobsolescentfunctions.h; sourceTree = "<group>"; };
		39E60E991270DE3A00AC0D02 /* checkother.cpp */ = {isa = PBXFileReference; fileEncoding = 4; lastKnownFileType = sourcecode.cpp.cpp; name = checkother.cpp; path = lib/checkother.cpp; sourceTree = "<group>"; };
		39E60E9A1270DE3A00AC0D02 /* checkother.h */ = {isa = PBXFileReference; fileEncoding = 4; lastKnownFileType = sourcecode.c.h; name = checkother.h; path = lib/checkother.h; sourceTree = "<group>"; };
		39E60E9B1270DE3A00AC0D02 /* checkpostfixoperator.cpp */ = {isa = PBXFileReference; fileEncoding = 4; lastKnownFileType = sourcecode.cpp.cpp; name = checkpostfixoperator.cpp; path = lib/checkpostfixoperator.cpp; sourceTree = "<group>"; };
		39E60E9C1270DE3A00AC0D02 /* checkpostfixoperator.h */ = {isa = PBXFileReference; fileEncoding = 4; lastKnownFileType = sourcecode.c.h; name = checkpostfixoperator.h; path = lib/checkpostfixoperator.h; sourceTree = "<group>"; };
		39E60E9D1270DE3A00AC0D02 /* checkstl.cpp */ = {isa = PBXFileReference; fileEncoding = 4; lastKnownFileType = sourcecode.cpp.cpp; name = checkstl.cpp; path = lib/checkstl.cpp; sourceTree = "<group>"; };
		39E60E9E1270DE3A00AC0D02 /* checkstl.h */ = {isa = PBXFileReference; fileEncoding = 4; lastKnownFileType = sourcecode.c.h; name = checkstl.h; path = lib/checkstl.h; sourceTree = "<group>"; };
		39E60E9F1270DE3A00AC0D02 /* checkunusedfunctions.cpp */ = {isa = PBXFileReference; fileEncoding = 4; lastKnownFileType = sourcecode.cpp.cpp; name = checkunusedfunctions.cpp; path = lib/checkunusedfunctions.cpp; sourceTree = "<group>"; };
		39E60EA01270DE3A00AC0D02 /* checkunusedfunctions.h */ = {isa = PBXFileReference; fileEncoding = 4; lastKnownFileType = sourcecode.c.h; name = checkunusedfunctions.h; path = lib/checkunusedfunctions.h; sourceTree = "<group>"; };
		39E60EA11270DE3A00AC0D02 /* cppcheck.cpp */ = {isa = PBXFileReference; fileEncoding = 4; lastKnownFileType = sourcecode.cpp.cpp; name = cppcheck.cpp; path = lib/cppcheck.cpp; sourceTree = "<group>"; };
		39E60EA21270DE3A00AC0D02 /* cppcheck.h */ = {isa = PBXFileReference; fileEncoding = 4; lastKnownFileType = sourcecode.c.h; name = cppcheck.h; path = lib/cppcheck.h; sourceTree = "<group>"; };
		39E60EA31270DE3A00AC0D02 /* errorlogger.cpp */ = {isa = PBXFileReference; fileEncoding = 4; lastKnownFileType = sourcecode.cpp.cpp; name = errorlogger.cpp; path = lib/errorlogger.cpp; sourceTree = "<group>"; };
		39E60EA41270DE3A00AC0D02 /* errorlogger.h */ = {isa = PBXFileReference; fileEncoding = 4; lastKnownFileType = sourcecode.c.h; name = errorlogger.h; path = lib/errorlogger.h; sourceTree = "<group>"; };
		39E60EA51270DE3A00AC0D02 /* executionpath.cpp */ = {isa = PBXFileReference; fileEncoding = 4; lastKnownFileType = sourcecode.cpp.cpp; name = executionpath.cpp; path = lib/executionpath.cpp; sourceTree = "<group>"; };
		39E60EA61270DE3A00AC0D02 /* executionpath.h */ = {isa = PBXFileReference; fileEncoding = 4; lastKnownFileType = sourcecode.c.h; name = executionpath.h; path = lib/executionpath.h; sourceTree = "<group>"; };
		39E60EAB1270DE3A00AC0D02 /* mathlib.cpp */ = {isa = PBXFileReference; fileEncoding = 4; lastKnownFileType = sourcecode.cpp.cpp; name = mathlib.cpp; path = lib/mathlib.cpp; sourceTree = "<group>"; };
		39E60EAC1270DE3A00AC0D02 /* mathlib.h */ = {isa = PBXFileReference; fileEncoding = 4; lastKnownFileType = sourcecode.c.h; name = mathlib.h; path = lib/mathlib.h; sourceTree = "<group>"; };
		39E60EAD1270DE3A00AC0D02 /* path.cpp */ = {isa = PBXFileReference; fileEncoding = 4; lastKnownFileType = sourcecode.cpp.cpp; name = path.cpp; path = lib/path.cpp; sourceTree = "<group>"; };
		39E60EAE1270DE3A00AC0D02 /* path.h */ = {isa = PBXFileReference; fileEncoding = 4; lastKnownFileType = sourcecode.c.h; name = path.h; path = lib/path.h; sourceTree = "<group>"; };
		39E60EAF1270DE3A00AC0D02 /* preprocessor.cpp */ = {isa = PBXFileReference; fileEncoding = 4; lastKnownFileType = sourcecode.cpp.cpp; name = preprocessor.cpp; path = lib/preprocessor.cpp; sourceTree = "<group>"; };
		39E60EB01270DE3A00AC0D02 /* preprocessor.h */ = {isa = PBXFileReference; fileEncoding = 4; lastKnownFileType = sourcecode.c.h; name = preprocessor.h; path = lib/preprocessor.h; sourceTree = "<group>"; };
		39E60EB11270DE3A00AC0D02 /* settings.cpp */ = {isa = PBXFileReference; fileEncoding = 4; lastKnownFileType = sourcecode.cpp.cpp; name = settings.cpp; path = lib/settings.cpp; sourceTree = "<group>"; };
		39E60EB21270DE3A00AC0D02 /* settings.h */ = {isa = PBXFileReference; fileEncoding = 4; lastKnownFileType = sourcecode.c.h; name = settings.h; path = lib/settings.h; sourceTree = "<group>"; };
		39E60EB31270DE3A00AC0D02 /* timer.cpp */ = {isa = PBXFileReference; fileEncoding = 4; lastKnownFileType = sourcecode.cpp.cpp; name = timer.cpp; path = lib/timer.cpp; sourceTree = "<group>"; };
		39E60EB41270DE3A00AC0D02 /* timer.h */ = {isa = PBXFileReference; fileEncoding = 4; lastKnownFileType = sourcecode.c.h; name = timer.h; path = lib/timer.h; sourceTree = "<group>"; };
		39E60EB51270DE3A00AC0D02 /* token.cpp */ = {isa = PBXFileReference; fileEncoding = 4; lastKnownFileType = sourcecode.cpp.cpp; name = token.cpp; path = lib/token.cpp; sourceTree = "<group>"; };
		39E60EB61270DE3A00AC0D02 /* token.h */ = {isa = PBXFileReference; fileEncoding = 4; lastKnownFileType = sourcecode.c.h; name = token.h; path = lib/token.h; sourceTree = "<group>"; };
		39E60EB71270DE3A00AC0D02 /* tokenize.cpp */ = {isa = PBXFileReference; fileEncoding = 4; lastKnownFileType = sourcecode.cpp.cpp; name = tokenize.cpp; path = lib/tokenize.cpp; sourceTree = "<group>"; };
		39E60EB81270DE3A00AC0D02 /* tokenize.h */ = {isa = PBXFileReference; fileEncoding = 4; lastKnownFileType = sourcecode.c.h; name = tokenize.h; path = lib/tokenize.h; sourceTree = "<group>"; };
		39E60ECF1270DE5000AC0D02 /* cmdlineparser.cpp */ = {isa = PBXFileReference; fileEncoding = 4; lastKnownFileType = sourcecode.cpp.cpp; name = cmdlineparser.cpp; path = cli/cmdlineparser.cpp; sourceTree = "<group>"; };
		39E60ED01270DE5000AC0D02 /* cmdlineparser.h */ = {isa = PBXFileReference; fileEncoding = 4; lastKnownFileType = sourcecode.c.h; name = cmdlineparser.h; path = cli/cmdlineparser.h; sourceTree = "<group>"; };
		39E60ED11270DE5000AC0D02 /* cppcheckexecutor.cpp */ = {isa = PBXFileReference; fileEncoding = 4; lastKnownFileType = sourcecode.cpp.cpp; name = cppcheckexecutor.cpp; path = cli/cppcheckexecutor.cpp; sourceTree = "<group>"; };
		39E60ED21270DE5000AC0D02 /* cppcheckexecutor.h */ = {isa = PBXFileReference; fileEncoding = 4; lastKnownFileType = sourcecode.c.h; name = cppcheckexecutor.h; path = cli/cppcheckexecutor.h; sourceTree = "<group>"; };
		39E60ED31270DE5000AC0D02 /* main.cpp */ = {isa = PBXFileReference; fileEncoding = 4; lastKnownFileType = sourcecode.cpp.cpp; name = main.cpp; path = cli/main.cpp; sourceTree = "<group>"; };
		39E60ED41270DE5000AC0D02 /* threadexecutor.cpp */ = {isa = PBXFileReference; fileEncoding = 4; lastKnownFileType = sourcecode.cpp.cpp; name = threadexecutor.cpp; path = cli/threadexecutor.cpp; sourceTree = "<group>"; };
		39E60ED51270DE5000AC0D02 /* threadexecutor.h */ = {isa = PBXFileReference; fileEncoding = 4; lastKnownFileType = sourcecode.c.h; name = threadexecutor.h; path = cli/threadexecutor.h; sourceTree = "<group>"; };
		39E60EDE1270DEB100AC0D02 /* cppcheck */ = {isa = PBXFileReference; explicitFileType = "compiled.mach-o.executable"; includeInIndex = 0; path = cppcheck; sourceTree = BUILT_PRODUCTS_DIR; };
		F4043DAD177F08A800CD5A40 /* filelister.cpp */ = {isa = PBXFileReference; fileEncoding = 4; lastKnownFileType = sourcecode.cpp.cpp; name = filelister.cpp; path = cli/filelister.cpp; sourceTree = "<group>"; };
		F4043DAE177F08A800CD5A40 /* filelister.h */ = {isa = PBXFileReference; fileEncoding = 4; lastKnownFileType = sourcecode.c.h; name = filelister.h; path = cli/filelister.h; sourceTree = "<group>"; };
		F4043DAF177F08A800CD5A40 /* pathmatch.cpp */ = {isa = PBXFileReference; fileEncoding = 4; lastKnownFileType = sourcecode.cpp.cpp; name = pathmatch.cpp; path = cli/pathmatch.cpp; sourceTree = "<group>"; };
		F4043DB0177F08A800CD5A40 /* pathmatch.h */ = {isa = PBXFileReference; fileEncoding = 4; lastKnownFileType = sourcecode.c.h; name = pathmatch.h; path = cli/pathmatch.h; sourceTree = "<group>"; };
		F4043DB3177F093300CD5A40 /* check64bit.cpp */ = {isa = PBXFileReference; fileEncoding = 4; lastKnownFileType = sourcecode.cpp.cpp; name = check64bit.cpp; path = lib/check64bit.cpp; sourceTree = "<group>"; };
		F4043DB4177F093300CD5A40 /* check64bit.h */ = {isa = PBXFileReference; fileEncoding = 4; lastKnownFileType = sourcecode.c.h; name = check64bit.h; path = lib/check64bit.h; sourceTree = "<group>"; };
		F4043DB5177F093300CD5A40 /* checkassert.cpp */ = {isa = PBXFileReference; fileEncoding = 4; lastKnownFileType = sourcecode.cpp.cpp; name = checkassert.cpp; path = lib/checkassert.cpp; sourceTree = "<group>"; };
		F4043DB6177F093300CD5A40 /* checkassert.h */ = {isa = PBXFileReference; fileEncoding = 4; lastKnownFileType = sourcecode.c.h; name = checkassert.h; path = lib/checkassert.h; sourceTree = "<group>"; };
		F4043DB9177F093300CD5A40 /* checkbool.cpp */ = {isa = PBXFileReference; fileEncoding = 4; lastKnownFileType = sourcecode.cpp.cpp; name = checkbool.cpp; path = lib/checkbool.cpp; sourceTree = "<group>"; };
		F4043DBA177F093300CD5A40 /* checkbool.h */ = {isa = PBXFileReference; fileEncoding = 4; lastKnownFileType = sourcecode.c.h; name = checkbool.h; path = lib/checkbool.h; sourceTree = "<group>"; };
		F4043DBB177F093300CD5A40 /* checkboost.cpp */ = {isa = PBXFileReference; fileEncoding = 4; lastKnownFileType = sourcecode.cpp.cpp; name = checkboost.cpp; path = lib/checkboost.cpp; sourceTree = "<group>"; };
		F4043DBC177F093300CD5A40 /* checkboost.h */ = {isa = PBXFileReference; fileEncoding = 4; lastKnownFileType = sourcecode.c.h; name = checkboost.h; path = lib/checkboost.h; sourceTree = "<group>"; };
		F4043DBD177F093300CD5A40 /* checkinternal.cpp */ = {isa = PBXFileReference; fileEncoding = 4; lastKnownFileType = sourcecode.cpp.cpp; name = checkinternal.cpp; path = lib/checkinternal.cpp; sourceTree = "<group>"; };
		F4043DBE177F093300CD5A40 /* checkinternal.h */ = {isa = PBXFileReference; fileEncoding = 4; lastKnownFileType = sourcecode.c.h; name = checkinternal.h; path = lib/checkinternal.h; sourceTree = "<group>"; };
		F4043DBF177F093300CD5A40 /* checkio.cpp */ = {isa = PBXFileReference; fileEncoding = 4; lastKnownFileType = sourcecode.cpp.cpp; name = checkio.cpp; path = lib/checkio.cpp; sourceTree = "<group>"; };
		F4043DC0177F093300CD5A40 /* checkio.h */ = {isa = PBXFileReference; fileEncoding = 4; lastKnownFileType = sourcecode.c.h; name = checkio.h; path = lib/checkio.h; sourceTree = "<group>"; };
		F4043DC1177F093300CD5A40 /* checkleakautovar.cpp */ = {isa = PBXFileReference; fileEncoding = 4; lastKnownFileType = sourcecode.cpp.cpp; name = checkleakautovar.cpp; path = lib/checkleakautovar.cpp; sourceTree = "<group>"; };
		F4043DC2177F093300CD5A40 /* checkleakautovar.h */ = {isa = PBXFileReference; fileEncoding = 4; lastKnownFileType = sourcecode.c.h; name = checkleakautovar.h; path = lib/checkleakautovar.h; sourceTree = "<group>"; };
		F4043DC3177F093300CD5A40 /* checknonreentrantfunctions.cpp */ = {isa = PBXFileReference; fileEncoding = 4; lastKnownFileType = sourcecode.cpp.cpp; name = checknonreentrantfunctions.cpp; path = lib/checknonreentrantfunctions.cpp; sourceTree = "<group>"; };
		F4043DC4177F093300CD5A40 /* checknonreentrantfunctions.h */ = {isa = PBXFileReference; fileEncoding = 4; lastKnownFileType = sourcecode.c.h; name = checknonreentrantfunctions.h; path = lib/checknonreentrantfunctions.h; sourceTree = "<group>"; };
		F4043DC5177F093300CD5A40 /* checknullpointer.cpp */ = {isa = PBXFileReference; fileEncoding = 4; lastKnownFileType = sourcecode.cpp.cpp; name = checknullpointer.cpp; path = lib/checknullpointer.cpp; sourceTree = "<group>"; };
		F4043DC6177F093300CD5A40 /* checknullpointer.h */ = {isa = PBXFileReference; fileEncoding = 4; lastKnownFileType = sourcecode.c.h; name = checknullpointer.h; path = lib/checknullpointer.h; sourceTree = "<group>"; };
		F4043DC7177F093300CD5A40 /* checksizeof.cpp */ = {isa = PBXFileReference; fileEncoding = 4; lastKnownFileType = sourcecode.cpp.cpp; name = checksizeof.cpp; path = lib/checksizeof.cpp; sourceTree = "<group>"; };
		F4043DC8177F093300CD5A40 /* checksizeof.h */ = {isa = PBXFileReference; fileEncoding = 4; lastKnownFileType = sourcecode.c.h; name = checksizeof.h; path = lib/checksizeof.h; sourceTree = "<group>"; };
		F4043DC9177F093300CD5A40 /* checkuninitvar.cpp */ = {isa = PBXFileReference; fileEncoding = 4; lastKnownFileType = sourcecode.cpp.cpp; name = checkuninitvar.cpp; path = lib/checkuninitvar.cpp; sourceTree = "<group>"; };
		F4043DCA177F093300CD5A40 /* checkuninitvar.h */ = {isa = PBXFileReference; fileEncoding = 4; lastKnownFileType = sourcecode.c.h; name = checkuninitvar.h; path = lib/checkuninitvar.h; sourceTree = "<group>"; };
		F4043DCB177F093300CD5A40 /* checkunusedvar.cpp */ = {isa = PBXFileReference; fileEncoding = 4; lastKnownFileType = sourcecode.cpp.cpp; name = checkunusedvar.cpp; path = lib/checkunusedvar.cpp; sourceTree = "<group>"; };
		F4043DCC177F093300CD5A40 /* checkunusedvar.h */ = {isa = PBXFileReference; fileEncoding = 4; lastKnownFileType = sourcecode.c.h; name = checkunusedvar.h; path = lib/checkunusedvar.h; sourceTree = "<group>"; };
		F4043DCD177F093300CD5A40 /* standards.h */ = {isa = PBXFileReference; fileEncoding = 4; lastKnownFileType = sourcecode.c.h; name = standards.h; path = lib/standards.h; sourceTree = "<group>"; };
		F4043DCE177F093300CD5A40 /* suppressions.cpp */ = {isa = PBXFileReference; fileEncoding = 4; lastKnownFileType = sourcecode.cpp.cpp; name = suppressions.cpp; path = lib/suppressions.cpp; sourceTree = "<group>"; };
		F4043DCF177F093300CD5A40 /* suppressions.h */ = {isa = PBXFileReference; fileEncoding = 4; lastKnownFileType = sourcecode.c.h; name = suppressions.h; path = lib/suppressions.h; sourceTree = "<group>"; };
		F4043DD0177F093300CD5A40 /* symboldatabase.cpp */ = {isa = PBXFileReference; fileEncoding = 4; lastKnownFileType = sourcecode.cpp.cpp; name = symboldatabase.cpp; path = lib/symboldatabase.cpp; sourceTree = "<group>"; };
		F4043DD1177F093300CD5A40 /* symboldatabase.h */ = {isa = PBXFileReference; fileEncoding = 4; lastKnownFileType = sourcecode.c.h; name = symboldatabase.h; path = lib/symboldatabase.h; sourceTree = "<group>"; };
		F4043DD2177F093300CD5A40 /* templatesimplifier.cpp */ = {isa = PBXFileReference; fileEncoding = 4; lastKnownFileType = sourcecode.cpp.cpp; name = templatesimplifier.cpp; path = lib/templatesimplifier.cpp; sourceTree = "<group>"; };
		F4043DD3177F093300CD5A40 /* templatesimplifier.h */ = {isa = PBXFileReference; fileEncoding = 4; lastKnownFileType = sourcecode.c.h; name = templatesimplifier.h; path = lib/templatesimplifier.h; sourceTree = "<group>"; };
		F4043DD4177F093300CD5A40 /* tokenlist.cpp */ = {isa = PBXFileReference; fileEncoding = 4; lastKnownFileType = sourcecode.cpp.cpp; name = tokenlist.cpp; path = lib/tokenlist.cpp; sourceTree = "<group>"; };
		F4043DD5177F093300CD5A40 /* tokenlist.h */ = {isa = PBXFileReference; fileEncoding = 4; lastKnownFileType = sourcecode.c.h; name = tokenlist.h; path = lib/tokenlist.h; sourceTree = "<group>"; };
		F4043DD6177F093300CD5A40 /* version.h */ = {isa = PBXFileReference; fileEncoding = 4; lastKnownFileType = sourcecode.c.h; name = version.h; path = lib/version.h; sourceTree = "<group>"; };
		F45BDD8317AB8511006C06AF /* options.h */ = {isa = PBXFileReference; fileEncoding = 4; lastKnownFileType = sourcecode.c.h; name = options.h; path = test/options.h; sourceTree = "<group>"; };
		F45BDD8417AB8511006C06AF /* redirect.h */ = {isa = PBXFileReference; fileEncoding = 4; lastKnownFileType = sourcecode.c.h; name = redirect.h; path = test/redirect.h; sourceTree = "<group>"; };
		F45BDD8517AB8511006C06AF /* testsuite.h */ = {isa = PBXFileReference; fileEncoding = 4; lastKnownFileType = sourcecode.c.h; name = testsuite.h; path = test/testsuite.h; sourceTree = "<group>"; };
		F45BDD8617AB8511006C06AF /* testutils.h */ = {isa = PBXFileReference; fileEncoding = 4; lastKnownFileType = sourcecode.c.h; name = testutils.h; path = test/testutils.h; sourceTree = "<group>"; };
		F45BDD8717AB8511006C06AF /* options.cpp */ = {isa = PBXFileReference; fileEncoding = 4; lastKnownFileType = sourcecode.cpp.cpp; name = options.cpp; path = test/options.cpp; sourceTree = "<group>"; };
		F45BDD8917AB8511006C06AF /* test64bit.cpp */ = {isa = PBXFileReference; fileEncoding = 4; lastKnownFileType = sourcecode.cpp.cpp; name = test64bit.cpp; path = test/test64bit.cpp; sourceTree = "<group>"; };
		F45BDD8A17AB8511006C06AF /* testassert.cpp */ = {isa = PBXFileReference; fileEncoding = 4; lastKnownFileType = sourcecode.cpp.cpp; name = testassert.cpp; path = test/testassert.cpp; sourceTree = "<group>"; };
		F45BDD8B17AB8511006C06AF /* testassignif.cpp */ = {isa = PBXFileReference; fileEncoding = 4; lastKnownFileType = sourcecode.cpp.cpp; name = testassignif.cpp; path = test/testassignif.cpp; sourceTree = "<group>"; };
		F45BDD8C17AB8511006C06AF /* testautovariables.cpp */ = {isa = PBXFileReference; fileEncoding = 4; lastKnownFileType = sourcecode.cpp.cpp; name = testautovariables.cpp; path = test/testautovariables.cpp; sourceTree = "<group>"; };
		F45BDD8D17AB8511006C06AF /* testbool.cpp */ = {isa = PBXFileReference; fileEncoding = 4; lastKnownFileType = sourcecode.cpp.cpp; name = testbool.cpp; path = test/testbool.cpp; sourceTree = "<group>"; };
		F45BDD8E17AB8511006C06AF /* testboost.cpp */ = {isa = PBXFileReference; fileEncoding = 4; lastKnownFileType = sourcecode.cpp.cpp; name = testboost.cpp; path = test/testboost.cpp; sourceTree = "<group>"; };
		F45BDD8F17AB8511006C06AF /* testbufferoverrun.cpp */ = {isa = PBXFileReference; fileEncoding = 4; lastKnownFileType = sourcecode.cpp.cpp; name = testbufferoverrun.cpp; path = test/testbufferoverrun.cpp; sourceTree = "<group>"; };
		F45BDD9017AB8511006C06AF /* testcharvar.cpp */ = {isa = PBXFileReference; fileEncoding = 4; lastKnownFileType = sourcecode.cpp.cpp; name = testcharvar.cpp; path = test/testcharvar.cpp; sourceTree = "<group>"; };
		F45BDD9117AB8511006C06AF /* testclass.cpp */ = {isa = PBXFileReference; fileEncoding = 4; lastKnownFileType = sourcecode.cpp.cpp; name = testclass.cpp; path = test/testclass.cpp; sourceTree = "<group>"; };
		F45BDD9217AB8511006C06AF /* testcmdlineparser.cpp */ = {isa = PBXFileReference; fileEncoding = 4; lastKnownFileType = sourcecode.cpp.cpp; name = testcmdlineparser.cpp; path = test/testcmdlineparser.cpp; sourceTree = "<group>"; };
		F45BDD9317AB8511006C06AF /* testconstructors.cpp */ = {isa = PBXFileReference; fileEncoding = 4; lastKnownFileType = sourcecode.cpp.cpp; name = testconstructors.cpp; path = test/testconstructors.cpp; sourceTree = "<group>"; };
		F45BDD9417AB8511006C06AF /* testcppcheck.cpp */ = {isa = PBXFileReference; fileEncoding = 4; lastKnownFileType = sourcecode.cpp.cpp; name = testcppcheck.cpp; path = test/testcppcheck.cpp; sourceTree = "<group>"; };
		F45BDD9517AB8511006C06AF /* testdivision.cpp */ = {isa = PBXFileReference; fileEncoding = 4; lastKnownFileType = sourcecode.cpp.cpp; name = testdivision.cpp; path = test/testdivision.cpp; sourceTree = "<group>"; };
		F45BDD9617AB8511006C06AF /* testerrorlogger.cpp */ = {isa = PBXFileReference; fileEncoding = 4; lastKnownFileType = sourcecode.cpp.cpp; name = testerrorlogger.cpp; path = test/testerrorlogger.cpp; sourceTree = "<group>"; };
		F45BDD9717AB8511006C06AF /* testexceptionsafety.cpp */ = {isa = PBXFileReference; fileEncoding = 4; lastKnownFileType = sourcecode.cpp.cpp; name = testexceptionsafety.cpp; path = test/testexceptionsafety.cpp; sourceTree = "<group>"; };
		F45BDD9817AB8511006C06AF /* testfilelister.cpp */ = {isa = PBXFileReference; fileEncoding = 4; lastKnownFileType = sourcecode.cpp.cpp; name = testfilelister.cpp; path = test/testfilelister.cpp; sourceTree = "<group>"; };
		F45BDD9917AB8511006C06AF /* testincompletestatement.cpp */ = {isa = PBXFileReference; fileEncoding = 4; lastKnownFileType = sourcecode.cpp.cpp; name = testincompletestatement.cpp; path = test/testincompletestatement.cpp; sourceTree = "<group>"; };
		F45BDD9A17AB8511006C06AF /* testinternal.cpp */ = {isa = PBXFileReference; fileEncoding = 4; lastKnownFileType = sourcecode.cpp.cpp; name = testinternal.cpp; path = test/testinternal.cpp; sourceTree = "<group>"; };
		F45BDD9B17AB8511006C06AF /* testio.cpp */ = {isa = PBXFileReference; fileEncoding = 4; lastKnownFileType = sourcecode.cpp.cpp; name = testio.cpp; path = test/testio.cpp; sourceTree = "<group>"; };
		F45BDD9C17AB8511006C06AF /* testleakautovar.cpp */ = {isa = PBXFileReference; fileEncoding = 4; lastKnownFileType = sourcecode.cpp.cpp; name = testleakautovar.cpp; path = test/testleakautovar.cpp; sourceTree = "<group>"; };
		F45BDD9D17AB8511006C06AF /* testmathlib.cpp */ = {isa = PBXFileReference; fileEncoding = 4; lastKnownFileType = sourcecode.cpp.cpp; name = testmathlib.cpp; path = test/testmathlib.cpp; sourceTree = "<group>"; };
		F45BDD9E17AB8511006C06AF /* testmemleak.cpp */ = {isa = PBXFileReference; fileEncoding = 4; lastKnownFileType = sourcecode.cpp.cpp; name = testmemleak.cpp; path = test/testmemleak.cpp; sourceTree = "<group>"; };
		F45BDD9F17AB8511006C06AF /* testnonreentrantfunctions.cpp */ = {isa = PBXFileReference; fileEncoding = 4; lastKnownFileType = sourcecode.cpp.cpp; name = testnonreentrantfunctions.cpp; path = test/testnonreentrantfunctions.cpp; sourceTree = "<group>"; };
		F45BDDA017AB8511006C06AF /* testnullpointer.cpp */ = {isa = PBXFileReference; fileEncoding = 4; lastKnownFileType = sourcecode.cpp.cpp; name = testnullpointer.cpp; path = test/testnullpointer.cpp; sourceTree = "<group>"; };
		F45BDDA117AB8511006C06AF /* testobsolescentfunctions.cpp */ = {isa = PBXFileReference; fileEncoding = 4; lastKnownFileType = sourcecode.cpp.cpp; name = testobsolescentfunctions.cpp; path = test/testobsolescentfunctions.cpp; sourceTree = "<group>"; };
		F45BDDA217AB8511006C06AF /* testoptions.cpp */ = {isa = PBXFileReference; fileEncoding = 4; lastKnownFileType = sourcecode.cpp.cpp; name = testoptions.cpp; path = test/testoptions.cpp; sourceTree = "<group>"; };
		F45BDDA317AB8511006C06AF /* testother.cpp */ = {isa = PBXFileReference; fileEncoding = 4; lastKnownFileType = sourcecode.cpp.cpp; name = testother.cpp; path = test/testother.cpp; sourceTree = "<group>"; };
		F45BDDA417AB8511006C06AF /* testpath.cpp */ = {isa = PBXFileReference; fileEncoding = 4; lastKnownFileType = sourcecode.cpp.cpp; name = testpath.cpp; path = test/testpath.cpp; sourceTree = "<group>"; };
		F45BDDA517AB8511006C06AF /* testpathmatch.cpp */ = {isa = PBXFileReference; fileEncoding = 4; lastKnownFileType = sourcecode.cpp.cpp; name = testpathmatch.cpp; path = test/testpathmatch.cpp; sourceTree = "<group>"; };
		F45BDDA617AB8511006C06AF /* testpostfixoperator.cpp */ = {isa = PBXFileReference; fileEncoding = 4; lastKnownFileType = sourcecode.cpp.cpp; name = testpostfixoperator.cpp; path = test/testpostfixoperator.cpp; sourceTree = "<group>"; };
		F45BDDA717AB8511006C06AF /* testpreprocessor.cpp */ = {isa = PBXFileReference; fileEncoding = 4; lastKnownFileType = sourcecode.cpp.cpp; name = testpreprocessor.cpp; path = test/testpreprocessor.cpp; sourceTree = "<group>"; };
		F45BDDA817AB8511006C06AF /* testrunner.cpp */ = {isa = PBXFileReference; fileEncoding = 4; lastKnownFileType = sourcecode.cpp.cpp; name = testrunner.cpp; path = test/testrunner.cpp; sourceTree = "<group>"; };
		F45BDDA917AB8511006C06AF /* testsimplifytokens.cpp */ = {isa = PBXFileReference; fileEncoding = 4; lastKnownFileType = sourcecode.cpp.cpp; name = testsimplifytokens.cpp; path = test/testsimplifytokens.cpp; sourceTree = "<group>"; };
		F45BDDAA17AB8511006C06AF /* testsizeof.cpp */ = {isa = PBXFileReference; fileEncoding = 4; lastKnownFileType = sourcecode.cpp.cpp; name = testsizeof.cpp; path = test/testsizeof.cpp; sourceTree = "<group>"; };
		F45BDDAB17AB8511006C06AF /* teststl.cpp */ = {isa = PBXFileReference; fileEncoding = 4; lastKnownFileType = sourcecode.cpp.cpp; name = teststl.cpp; path = test/teststl.cpp; sourceTree = "<group>"; };
		F45BDDAC17AB8511006C06AF /* testsuite.cpp */ = {isa = PBXFileReference; fileEncoding = 4; lastKnownFileType = sourcecode.cpp.cpp; name = testsuite.cpp; path = test/testsuite.cpp; sourceTree = "<group>"; };
		F45BDDAD17AB8511006C06AF /* testsuppressions.cpp */ = {isa = PBXFileReference; fileEncoding = 4; lastKnownFileType = sourcecode.cpp.cpp; name = testsuppressions.cpp; path = test/testsuppressions.cpp; sourceTree = "<group>"; };
		F45BDDAE17AB8511006C06AF /* testsymboldatabase.cpp */ = {isa = PBXFileReference; fileEncoding = 4; lastKnownFileType = sourcecode.cpp.cpp; name = testsymboldatabase.cpp; path = test/testsymboldatabase.cpp; sourceTree = "<group>"; };
		F45BDDAF17AB8511006C06AF /* testthreadexecutor.cpp */ = {isa = PBXFileReference; fileEncoding = 4; lastKnownFileType = sourcecode.cpp.cpp; name = testthreadexecutor.cpp; path = test/testthreadexecutor.cpp; sourceTree = "<group>"; };
		F45BDDB017AB8511006C06AF /* testtimer.cpp */ = {isa = PBXFileReference; fileEncoding = 4; lastKnownFileType = sourcecode.cpp.cpp; name = testtimer.cpp; path = test/testtimer.cpp; sourceTree = "<group>"; };
		F45BDDB117AB8511006C06AF /* testtoken.cpp */ = {isa = PBXFileReference; fileEncoding = 4; lastKnownFileType = sourcecode.cpp.cpp; name = testtoken.cpp; path = test/testtoken.cpp; sourceTree = "<group>"; };
		F45BDDB217AB8511006C06AF /* testtokenize.cpp */ = {isa = PBXFileReference; fileEncoding = 4; lastKnownFileType = sourcecode.cpp.cpp; name = testtokenize.cpp; path = test/testtokenize.cpp; sourceTree = "<group>"; };
		F45BDDB317AB8511006C06AF /* testuninitvar.cpp */ = {isa = PBXFileReference; fileEncoding = 4; lastKnownFileType = sourcecode.cpp.cpp; name = testuninitvar.cpp; path = test/testuninitvar.cpp; sourceTree = "<group>"; };
		F45BDDB417AB8511006C06AF /* testunusedfunctions.cpp */ = {isa = PBXFileReference; fileEncoding = 4; lastKnownFileType = sourcecode.cpp.cpp; name = testunusedfunctions.cpp; path = test/testunusedfunctions.cpp; sourceTree = "<group>"; };
		F45BDDB517AB8511006C06AF /* testunusedprivfunc.cpp */ = {isa = PBXFileReference; fileEncoding = 4; lastKnownFileType = sourcecode.cpp.cpp; name = testunusedprivfunc.cpp; path = test/testunusedprivfunc.cpp; sourceTree = "<group>"; };
		F45BDDB617AB8511006C06AF /* testunusedvar.cpp */ = {isa = PBXFileReference; fileEncoding = 4; lastKnownFileType = sourcecode.cpp.cpp; name = testunusedvar.cpp; path = test/testunusedvar.cpp; sourceTree = "<group>"; };
		F47E508117896AEB00C684DC /* tinyxml2.cpp */ = {isa = PBXFileReference; fileEncoding = 4; lastKnownFileType = sourcecode.cpp.cpp; name = tinyxml2.cpp; path = externals/tinyxml/tinyxml2.cpp; sourceTree = "<group>"; };
		F47E508217896AEB00C684DC /* tinyxml2.h */ = {isa = PBXFileReference; fileEncoding = 4; lastKnownFileType = sourcecode.c.h; name = tinyxml2.h; path = externals/tinyxml/tinyxml2.h; sourceTree = "<group>"; };
		F497C2831AB41D5C003B96CF /* check.cpp */ = {isa = PBXFileReference; fileEncoding = 4; lastKnownFileType = sourcecode.cpp.cpp; name = check.cpp; path = lib/check.cpp; sourceTree = "<group>"; };
		F497C2841AB41D5C003B96CF /* checkcondition.cpp */ = {isa = PBXFileReference; fileEncoding = 4; lastKnownFileType = sourcecode.cpp.cpp; name = checkcondition.cpp; path = lib/checkcondition.cpp; sourceTree = "<group>"; };
		F497C2851AB41D5C003B96CF /* checkcondition.h */ = {isa = PBXFileReference; fileEncoding = 4; lastKnownFileType = sourcecode.c.h; name = checkcondition.h; path = lib/checkcondition.h; sourceTree = "<group>"; };
		F497C2861AB41D5C003B96CF /* checkstring.cpp */ = {isa = PBXFileReference; fileEncoding = 4; lastKnownFileType = sourcecode.cpp.cpp; name = checkstring.cpp; path = lib/checkstring.cpp; sourceTree = "<group>"; };
		F497C2871AB41D5C003B96CF /* checkstring.h */ = {isa = PBXFileReference; fileEncoding = 4; lastKnownFileType = sourcecode.c.h; name = checkstring.h; path = lib/checkstring.h; sourceTree = "<group>"; };
		F497C2881AB41D5C003B96CF /* checktype.cpp */ = {isa = PBXFileReference; fileEncoding = 4; lastKnownFileType = sourcecode.cpp.cpp; name = checktype.cpp; path = lib/checktype.cpp; sourceTree = "<group>"; };
		F497C2891AB41D5C003B96CF /* checkvaarg.cpp */ = {isa = PBXFileReference; fileEncoding = 4; lastKnownFileType = sourcecode.cpp.cpp; name = checkvaarg.cpp; path = lib/checkvaarg.cpp; sourceTree = "<group>"; };
		F497C28A1AB41D5C003B96CF /* checkvaarg.h */ = {isa = PBXFileReference; fileEncoding = 4; lastKnownFileType = sourcecode.c.h; name = checkvaarg.h; path = lib/checkvaarg.h; sourceTree = "<group>"; };
		F497C28B1AB41D5C003B96CF /* cxx11emu.h */ = {isa = PBXFileReference; fileEncoding = 4; lastKnownFileType = sourcecode.c.h; name = cxx11emu.h; path = lib/cxx11emu.h; sourceTree = "<group>"; };
		F4C34860182566E800521683 /* testrunner */ = {isa = PBXFileReference; explicitFileType = "compiled.mach-o.executable"; includeInIndex = 0; path = testrunner; sourceTree = BUILT_PRODUCTS_DIR; };
		F4CDD6961880888F006CF685 /* valueflow.cpp */ = {isa = PBXFileReference; fileEncoding = 4; lastKnownFileType = sourcecode.cpp.cpp; name = valueflow.cpp; path = lib/valueflow.cpp; sourceTree = "<group>"; };
		F4CDD6971880888F006CF685 /* valueflow.h */ = {isa = PBXFileReference; fileEncoding = 4; lastKnownFileType = sourcecode.c.h; name = valueflow.h; path = lib/valueflow.h; sourceTree = "<group>"; };
		F4CF847A17B6504000522F24 /* config.h */ = {isa = PBXFileReference; fileEncoding = 4; lastKnownFileType = sourcecode.c.h; name = config.h; path = lib/config.h; sourceTree = "<group>"; };
		F4CF847B17B6504100522F24 /* library.h */ = {isa = PBXFileReference; fileEncoding = 4; lastKnownFileType = sourcecode.c.h; name = library.h; path = lib/library.h; sourceTree = "<group>"; };
		F4CF847C17B6504100522F24 /* library.cpp */ = {isa = PBXFileReference; fileEncoding = 4; lastKnownFileType = sourcecode.cpp.cpp; name = library.cpp; path = lib/library.cpp; sourceTree = "<group>"; };
/* End PBXFileReference section */

/* Begin PBXFrameworksBuildPhase section */
		8DD76F660486A84900D96B5E /* Frameworks */ = {
			isa = PBXFrameworksBuildPhase;
			buildActionMask = 2147483647;
			files = (
			);
			runOnlyForDeploymentPostprocessing = 0;
		};
		F4C3485D182566E800521683 /* Frameworks */ = {
			isa = PBXFrameworksBuildPhase;
			buildActionMask = 2147483647;
			files = (
			);
			runOnlyForDeploymentPostprocessing = 0;
		};
/* End PBXFrameworksBuildPhase section */

/* Begin PBXGroup section */
		08FB7794FE84155DC02AAC07 /* cppcheck */ = {
			isa = PBXGroup;
			children = (
				08FB7795FE84155DC02AAC07 /* Source */,
				C6859E8C029090F304C91782 /* Documentation */,
				F4C34861182566E800521683 /* testrunner */,
				1AB674ADFE9D54B511CA2CBB /* Products */,
			);
			name = cppcheck;
			sourceTree = "<group>";
		};
		08FB7795FE84155DC02AAC07 /* Source */ = {
			isa = PBXGroup;
			children = (
				F4C348651825673B00521683 /* Client */,
				F45BDD8217AB84D0006C06AF /* Tests */,
				F47E507F17896AC700C684DC /* Externals */,
				2C21A45D1178BB0B00D35009 /* Library */,
				2C21A45C1178BB0400D35009 /* Command */,
			);
			name = Source;
			sourceTree = "<group>";
		};
		1AB674ADFE9D54B511CA2CBB /* Products */ = {
			isa = PBXGroup;
			children = (
				39E60EDE1270DEB100AC0D02 /* cppcheck */,
				F4C34860182566E800521683 /* testrunner */,
			);
			name = Products;
			sourceTree = "<group>";
		};
		2C21A45C1178BB0400D35009 /* Command */ = {
			isa = PBXGroup;
			children = (
				39E60ECF1270DE5000AC0D02 /* cmdlineparser.cpp */,
				39E60ED01270DE5000AC0D02 /* cmdlineparser.h */,
				39E60ED11270DE5000AC0D02 /* cppcheckexecutor.cpp */,
				39E60ED21270DE5000AC0D02 /* cppcheckexecutor.h */,
				F4043DAD177F08A800CD5A40 /* filelister.cpp */,
				F4043DAE177F08A800CD5A40 /* filelister.h */,
				39E60ED31270DE5000AC0D02 /* main.cpp */,
				F4043DAF177F08A800CD5A40 /* pathmatch.cpp */,
				F4043DB0177F08A800CD5A40 /* pathmatch.h */,
				39E60ED41270DE5000AC0D02 /* threadexecutor.cpp */,
				39E60ED51270DE5000AC0D02 /* threadexecutor.h */,
			);
			name = Command;
			sourceTree = "<group>";
		};
		2C21A45D1178BB0B00D35009 /* Library */ = {
			isa = PBXGroup;
			children = (
				F497C2831AB41D5C003B96CF /* check.cpp */,
				F497C2841AB41D5C003B96CF /* checkcondition.cpp */,
				F497C2851AB41D5C003B96CF /* checkcondition.h */,
				F497C2861AB41D5C003B96CF /* checkstring.cpp */,
				F497C2871AB41D5C003B96CF /* checkstring.h */,
				F497C2881AB41D5C003B96CF /* checktype.cpp */,
				F497C2891AB41D5C003B96CF /* checkvaarg.cpp */,
				F497C28A1AB41D5C003B96CF /* checkvaarg.h */,
				F497C28B1AB41D5C003B96CF /* cxx11emu.h */,
				F4CDD6961880888F006CF685 /* valueflow.cpp */,
				F4CDD6971880888F006CF685 /* valueflow.h */,
				F4CF847A17B6504000522F24 /* config.h */,
				F4CF847B17B6504100522F24 /* library.h */,
				F4CF847C17B6504100522F24 /* library.cpp */,
				39E60E8C1270DE3A00AC0D02 /* check.h */,
				F4043DB3177F093300CD5A40 /* check64bit.cpp */,
				F4043DB4177F093300CD5A40 /* check64bit.h */,
				F4043DB5177F093300CD5A40 /* checkassert.cpp */,
				F4043DB6177F093300CD5A40 /* checkassert.h */,
				39E60E8D1270DE3A00AC0D02 /* checkautovariables.cpp */,
				39E60E8E1270DE3A00AC0D02 /* checkautovariables.h */,
				F4043DB9177F093300CD5A40 /* checkbool.cpp */,
				F4043DBA177F093300CD5A40 /* checkbool.h */,
				F4043DBB177F093300CD5A40 /* checkboost.cpp */,
				F4043DBC177F093300CD5A40 /* checkboost.h */,
				39E60E8F1270DE3A00AC0D02 /* checkbufferoverrun.cpp */,
				39E60E901270DE3A00AC0D02 /* checkbufferoverrun.h */,
				39E60E911270DE3A00AC0D02 /* checkclass.cpp */,
				39E60E921270DE3A00AC0D02 /* checkclass.h */,
				39E60E931270DE3A00AC0D02 /* checkexceptionsafety.cpp */,
				39E60E941270DE3A00AC0D02 /* checkexceptionsafety.h */,
				F4043DBD177F093300CD5A40 /* checkinternal.cpp */,
				F4043DBE177F093300CD5A40 /* checkinternal.h */,
				F4043DBF177F093300CD5A40 /* checkio.cpp */,
				F4043DC0177F093300CD5A40 /* checkio.h */,
				F4043DC1177F093300CD5A40 /* checkleakautovar.cpp */,
				F4043DC2177F093300CD5A40 /* checkleakautovar.h */,
				39E60E951270DE3A00AC0D02 /* checkmemoryleak.cpp */,
				39E60E961270DE3A00AC0D02 /* checkmemoryleak.h */,
				F4043DC3177F093300CD5A40 /* checknonreentrantfunctions.cpp */,
				F4043DC4177F093300CD5A40 /* checknonreentrantfunctions.h */,
				F4043DC5177F093300CD5A40 /* checknullpointer.cpp */,
				F4043DC6177F093300CD5A40 /* checknullpointer.h */,
				39E60E971270DE3A00AC0D02 /* checkobsolescentfunctions.cpp */,
				39E60E981270DE3A00AC0D02 /* checkobsolescentfunctions.h */,
				39E60E991270DE3A00AC0D02 /* checkother.cpp */,
				39E60E9A1270DE3A00AC0D02 /* checkother.h */,
				39E60E9B1270DE3A00AC0D02 /* checkpostfixoperator.cpp */,
				39E60E9C1270DE3A00AC0D02 /* checkpostfixoperator.h */,
				F4043DC7177F093300CD5A40 /* checksizeof.cpp */,
				F4043DC8177F093300CD5A40 /* checksizeof.h */,
				39E60E9D1270DE3A00AC0D02 /* checkstl.cpp */,
				39E60E9E1270DE3A00AC0D02 /* checkstl.h */,
				F4043DC9177F093300CD5A40 /* checkuninitvar.cpp */,
				F4043DCA177F093300CD5A40 /* checkuninitvar.h */,
				39E60E9F1270DE3A00AC0D02 /* checkunusedfunctions.cpp */,
				39E60EA01270DE3A00AC0D02 /* checkunusedfunctions.h */,
				F4043DCB177F093300CD5A40 /* checkunusedvar.cpp */,
				F4043DCC177F093300CD5A40 /* checkunusedvar.h */,
				39E60EA11270DE3A00AC0D02 /* cppcheck.cpp */,
				39E60EA21270DE3A00AC0D02 /* cppcheck.h */,
				39E60EA31270DE3A00AC0D02 /* errorlogger.cpp */,
				39E60EA41270DE3A00AC0D02 /* errorlogger.h */,
				39E60EA51270DE3A00AC0D02 /* executionpath.cpp */,
				39E60EA61270DE3A00AC0D02 /* executionpath.h */,
				39E60EAB1270DE3A00AC0D02 /* mathlib.cpp */,
				39E60EAC1270DE3A00AC0D02 /* mathlib.h */,
				39E60EAD1270DE3A00AC0D02 /* path.cpp */,
				39E60EAE1270DE3A00AC0D02 /* path.h */,
				39E60EAF1270DE3A00AC0D02 /* preprocessor.cpp */,
				39E60EB01270DE3A00AC0D02 /* preprocessor.h */,
				39E60EB11270DE3A00AC0D02 /* settings.cpp */,
				39E60EB21270DE3A00AC0D02 /* settings.h */,
				F4043DCD177F093300CD5A40 /* standards.h */,
				F4043DCE177F093300CD5A40 /* suppressions.cpp */,
				F4043DCF177F093300CD5A40 /* suppressions.h */,
				F4043DD0177F093300CD5A40 /* symboldatabase.cpp */,
				F4043DD1177F093300CD5A40 /* symboldatabase.h */,
				F4043DD2177F093300CD5A40 /* templatesimplifier.cpp */,
				F4043DD3177F093300CD5A40 /* templatesimplifier.h */,
				39E60EB31270DE3A00AC0D02 /* timer.cpp */,
				39E60EB41270DE3A00AC0D02 /* timer.h */,
				39E60EB51270DE3A00AC0D02 /* token.cpp */,
				39E60EB61270DE3A00AC0D02 /* token.h */,
				39E60EB71270DE3A00AC0D02 /* tokenize.cpp */,
				39E60EB81270DE3A00AC0D02 /* tokenize.h */,
				F4043DD4177F093300CD5A40 /* tokenlist.cpp */,
				F4043DD5177F093300CD5A40 /* tokenlist.h */,
				F4043DD6177F093300CD5A40 /* version.h */,
			);
			name = Library;
			sourceTree = "<group>";
		};
		C6859E8C029090F304C91782 /* Documentation */ = {
			isa = PBXGroup;
			children = (
			);
			name = Documentation;
			sourceTree = "<group>";
		};
		F45BDD8217AB84D0006C06AF /* Tests */ = {
			isa = PBXGroup;
			children = (
				F45BDD8317AB8511006C06AF /* options.h */,
				F45BDD8417AB8511006C06AF /* redirect.h */,
				F45BDD8517AB8511006C06AF /* testsuite.h */,
				F45BDD8617AB8511006C06AF /* testutils.h */,
				F45BDD8717AB8511006C06AF /* options.cpp */,
				F45BDD8917AB8511006C06AF /* test64bit.cpp */,
				F45BDD8A17AB8511006C06AF /* testassert.cpp */,
				F45BDD8B17AB8511006C06AF /* testassignif.cpp */,
				F45BDD8C17AB8511006C06AF /* testautovariables.cpp */,
				F45BDD8D17AB8511006C06AF /* testbool.cpp */,
				F45BDD8E17AB8511006C06AF /* testboost.cpp */,
				F45BDD8F17AB8511006C06AF /* testbufferoverrun.cpp */,
				F45BDD9017AB8511006C06AF /* testcharvar.cpp */,
				F45BDD9117AB8511006C06AF /* testclass.cpp */,
				F45BDD9217AB8511006C06AF /* testcmdlineparser.cpp */,
				F45BDD9317AB8511006C06AF /* testconstructors.cpp */,
				F45BDD9417AB8511006C06AF /* testcppcheck.cpp */,
				F45BDD9517AB8511006C06AF /* testdivision.cpp */,
				F45BDD9617AB8511006C06AF /* testerrorlogger.cpp */,
				F45BDD9717AB8511006C06AF /* testexceptionsafety.cpp */,
				F45BDD9817AB8511006C06AF /* testfilelister.cpp */,
				F45BDD9917AB8511006C06AF /* testincompletestatement.cpp */,
				F45BDD9A17AB8511006C06AF /* testinternal.cpp */,
				F45BDD9B17AB8511006C06AF /* testio.cpp */,
				F45BDD9C17AB8511006C06AF /* testleakautovar.cpp */,
				F45BDD9D17AB8511006C06AF /* testmathlib.cpp */,
				F45BDD9E17AB8511006C06AF /* testmemleak.cpp */,
				F45BDD9F17AB8511006C06AF /* testnonreentrantfunctions.cpp */,
				F45BDDA017AB8511006C06AF /* testnullpointer.cpp */,
				F45BDDA117AB8511006C06AF /* testobsolescentfunctions.cpp */,
				F45BDDA217AB8511006C06AF /* testoptions.cpp */,
				F45BDDA317AB8511006C06AF /* testother.cpp */,
				F45BDDA417AB8511006C06AF /* testpath.cpp */,
				F45BDDA517AB8511006C06AF /* testpathmatch.cpp */,
				F45BDDA617AB8511006C06AF /* testpostfixoperator.cpp */,
				F45BDDA717AB8511006C06AF /* testpreprocessor.cpp */,
				F45BDDA817AB8511006C06AF /* testrunner.cpp */,
				F45BDDA917AB8511006C06AF /* testsimplifytokens.cpp */,
				F45BDDAA17AB8511006C06AF /* testsizeof.cpp */,
				F45BDDAB17AB8511006C06AF /* teststl.cpp */,
				F45BDDAC17AB8511006C06AF /* testsuite.cpp */,
				F45BDDAD17AB8511006C06AF /* testsuppressions.cpp */,
				F45BDDAE17AB8511006C06AF /* testsymboldatabase.cpp */,
				F45BDDAF17AB8511006C06AF /* testthreadexecutor.cpp */,
				F45BDDB017AB8511006C06AF /* testtimer.cpp */,
				F45BDDB117AB8511006C06AF /* testtoken.cpp */,
				F45BDDB217AB8511006C06AF /* testtokenize.cpp */,
				F45BDDB317AB8511006C06AF /* testuninitvar.cpp */,
				F45BDDB417AB8511006C06AF /* testunusedfunctions.cpp */,
				F45BDDB517AB8511006C06AF /* testunusedprivfunc.cpp */,
				F45BDDB617AB8511006C06AF /* testunusedvar.cpp */,
			);
			name = Tests;
			sourceTree = "<group>";
		};
		F47E507F17896AC700C684DC /* Externals */ = {
			isa = PBXGroup;
			children = (
				F47E508017896AD200C684DC /* tinyxml */,
			);
			name = Externals;
			sourceTree = "<group>";
		};
		F47E508017896AD200C684DC /* tinyxml */ = {
			isa = PBXGroup;
			children = (
				F47E508117896AEB00C684DC /* tinyxml2.cpp */,
				F47E508217896AEB00C684DC /* tinyxml2.h */,
			);
			name = tinyxml;
			sourceTree = "<group>";
		};
		F4C34861182566E800521683 /* testrunner */ = {
			isa = PBXGroup;
			children = (
			);
			path = testrunner;
			sourceTree = "<group>";
		};
		F4C348651825673B00521683 /* Client */ = {
			isa = PBXGroup;
			children = (
			);
			name = Client;
			sourceTree = "<group>";
		};
/* End PBXGroup section */

/* Begin PBXNativeTarget section */
		8DD76F620486A84900D96B5E /* cppcheck */ = {
			isa = PBXNativeTarget;
			buildConfigurationList = 1DEB923108733DC60010E9CD /* Build configuration list for PBXNativeTarget "cppcheck" */;
			buildPhases = (
				8DD76F640486A84900D96B5E /* Sources */,
				8DD76F660486A84900D96B5E /* Frameworks */,
				8DD76F690486A84900D96B5E /* CopyFiles */,
			);
			buildRules = (
			);
			dependencies = (
			);
			name = cppcheck;
			productInstallPath = "$(HOME)/bin";
			productName = cppcheck;
			productReference = 39E60EDE1270DEB100AC0D02 /* cppcheck */;
			productType = "com.apple.product-type.tool";
		};
		F4C3485F182566E800521683 /* testrunner */ = {
			isa = PBXNativeTarget;
			buildConfigurationList = F4C34864182566E800521683 /* Build configuration list for PBXNativeTarget "testrunner" */;
			buildPhases = (
				F4C3485C182566E800521683 /* Sources */,
				F4C3485D182566E800521683 /* Frameworks */,
				F4C3485E182566E800521683 /* CopyFiles */,
			);
			buildRules = (
			);
			dependencies = (
			);
			name = testrunner;
			productName = testrunner;
			productReference = F4C34860182566E800521683 /* testrunner */;
			productType = "com.apple.product-type.tool";
		};
/* End PBXNativeTarget section */

/* Begin PBXProject section */
		08FB7793FE84155DC02AAC07 /* Project object */ = {
			isa = PBXProject;
			attributes = {
				LastUpgradeCheck = 0620;
			};
			buildConfigurationList = 1DEB923508733DC60010E9CD /* Build configuration list for PBXProject "Cppcheck" */;
			compatibilityVersion = "Xcode 3.2";
			developmentRegion = English;
			hasScannedForEncodings = 1;
			knownRegions = (
				English,
				Japanese,
				French,
				German,
			);
			mainGroup = 08FB7794FE84155DC02AAC07 /* cppcheck */;
			projectDirPath = "";
			projectRoot = "";
			targets = (
				8DD76F620486A84900D96B5E /* cppcheck */,
				F4C3485F182566E800521683 /* testrunner */,
			);
		};
/* End PBXProject section */

/* Begin PBXSourcesBuildPhase section */
		8DD76F640486A84900D96B5E /* Sources */ = {
			isa = PBXSourcesBuildPhase;
			buildActionMask = 2147483647;
			files = (
				39E60EB91270DE3A00AC0D02 /* checkautovariables.cpp in Sources */,
				39E60EBA1270DE3A00AC0D02 /* checkbufferoverrun.cpp in Sources */,
				39E60EBB1270DE3A00AC0D02 /* checkclass.cpp in Sources */,
				F4CDD6981880888F006CF685 /* valueflow.cpp in Sources */,
				39E60EBC1270DE3A00AC0D02 /* checkexceptionsafety.cpp in Sources */,
				F497C28E1AB41D5C003B96CF /* checkstring.cpp in Sources */,
				39E60EBD1270DE3A00AC0D02 /* checkmemoryleak.cpp in Sources */,
				39E60EBE1270DE3A00AC0D02 /* checkobsolescentfunctions.cpp in Sources */,
				39E60EBF1270DE3A00AC0D02 /* checkother.cpp in Sources */,
				39E60EC01270DE3A00AC0D02 /* checkpostfixoperator.cpp in Sources */,
				39E60EC11270DE3A00AC0D02 /* checkstl.cpp in Sources */,
				39E60EC21270DE3A00AC0D02 /* checkunusedfunctions.cpp in Sources */,
				39E60EC31270DE3A00AC0D02 /* cppcheck.cpp in Sources */,
				39E60EC41270DE3A00AC0D02 /* errorlogger.cpp in Sources */,
				39E60EC51270DE3A00AC0D02 /* executionpath.cpp in Sources */,
				F497C28C1AB41D5C003B96CF /* check.cpp in Sources */,
				F497C28D1AB41D5C003B96CF /* checkcondition.cpp in Sources */,
				39E60EC81270DE3A00AC0D02 /* mathlib.cpp in Sources */,
				39E60EC91270DE3A00AC0D02 /* path.cpp in Sources */,
				39E60ECA1270DE3A00AC0D02 /* preprocessor.cpp in Sources */,
				39E60ECB1270DE3A00AC0D02 /* settings.cpp in Sources */,
				39E60ECC1270DE3A00AC0D02 /* timer.cpp in Sources */,
				39E60ECD1270DE3A00AC0D02 /* token.cpp in Sources */,
				39E60ECE1270DE3A00AC0D02 /* tokenize.cpp in Sources */,
				39E60ED61270DE5000AC0D02 /* cmdlineparser.cpp in Sources */,
				39E60ED71270DE5000AC0D02 /* cppcheckexecutor.cpp in Sources */,
				39E60ED81270DE5000AC0D02 /* main.cpp in Sources */,
				39E60ED91270DE5000AC0D02 /* threadexecutor.cpp in Sources */,
				F4043DB1177F08A800CD5A40 /* filelister.cpp in Sources */,
				F4043DB2177F08A800CD5A40 /* pathmatch.cpp in Sources */,
				F4043DD7177F093300CD5A40 /* check64bit.cpp in Sources */,
				F4043DD8177F093300CD5A40 /* checkassert.cpp in Sources */,
				F497C2901AB41D5C003B96CF /* checkvaarg.cpp in Sources */,
				F4043DDA177F093300CD5A40 /* checkbool.cpp in Sources */,
				F4043DDB177F093300CD5A40 /* checkboost.cpp in Sources */,
				F4043DDC177F093300CD5A40 /* checkinternal.cpp in Sources */,
				F4043DDD177F093300CD5A40 /* checkio.cpp in Sources */,
				F4043DDE177F093300CD5A40 /* checkleakautovar.cpp in Sources */,
				F4043DDF177F093300CD5A40 /* checknonreentrantfunctions.cpp in Sources */,
				F4043DE0177F093300CD5A40 /* checknullpointer.cpp in Sources */,
				F4043DE1177F093300CD5A40 /* checksizeof.cpp in Sources */,
				F4043DE2177F093300CD5A40 /* checkuninitvar.cpp in Sources */,
				F4043DE3177F093300CD5A40 /* checkunusedvar.cpp in Sources */,
				F4043DE4177F093300CD5A40 /* suppressions.cpp in Sources */,
				F4043DE5177F093300CD5A40 /* symboldatabase.cpp in Sources */,
				F497C28F1AB41D5C003B96CF /* checktype.cpp in Sources */,
				F4043DE6177F093300CD5A40 /* templatesimplifier.cpp in Sources */,
				F4043DE7177F093300CD5A40 /* tokenlist.cpp in Sources */,
				F47E508317896AEB00C684DC /* tinyxml2.cpp in Sources */,
				F4CF847D17B6504100522F24 /* library.cpp in Sources */,
			);
			runOnlyForDeploymentPostprocessing = 0;
		};
		F4C3485C182566E800521683 /* Sources */ = {
			isa = PBXSourcesBuildPhase;
			buildActionMask = 2147483647;
			files = (
				F4CDD69918808927006CF685 /* valueflow.cpp in Sources */,
				F4C348C118256A9900521683 /* cppcheck.cpp in Sources */,
				F4C348BF18256A8700521683 /* tinyxml2.cpp in Sources */,
				F4C348C018256A8700521683 /* library.cpp in Sources */,
				F4C3489B18256A4500521683 /* check64bit.cpp in Sources */,
				F4C3489C18256A4500521683 /* checkassert.cpp in Sources */,
				F4C3489E18256A4500521683 /* checkautovariables.cpp in Sources */,
				F4C3489F18256A4500521683 /* checkbool.cpp in Sources */,
				F4C348A018256A4500521683 /* checkboost.cpp in Sources */,
				F4C348A118256A4500521683 /* checkbufferoverrun.cpp in Sources */,
				F4C348A218256A4500521683 /* checkclass.cpp in Sources */,
				F4C348A318256A4500521683 /* checkexceptionsafety.cpp in Sources */,
				F4C348A418256A4500521683 /* checkinternal.cpp in Sources */,
				F4C348A518256A4500521683 /* checkio.cpp in Sources */,
				F4C348A618256A4500521683 /* checkleakautovar.cpp in Sources */,
				F4C348A718256A4500521683 /* checkmemoryleak.cpp in Sources */,
				F4C348A818256A4500521683 /* checknonreentrantfunctions.cpp in Sources */,
				F4C348A918256A4500521683 /* checknullpointer.cpp in Sources */,
				F4C348AA18256A4500521683 /* checkobsolescentfunctions.cpp in Sources */,
				F4C348AB18256A4500521683 /* checkother.cpp in Sources */,
				F4C348AC18256A4500521683 /* checkpostfixoperator.cpp in Sources */,
				F4C348AD18256A4500521683 /* checksizeof.cpp in Sources */,
				F4C348AE18256A4500521683 /* checkstl.cpp in Sources */,
				F4C348AF18256A4500521683 /* checkuninitvar.cpp in Sources */,
				F4C348B018256A4500521683 /* checkunusedfunctions.cpp in Sources */,
				F4C348B118256A4500521683 /* checkunusedvar.cpp in Sources */,
				F4C348B218256A4500521683 /* errorlogger.cpp in Sources */,
				F4C348B318256A4500521683 /* executionpath.cpp in Sources */,
				F4C348B418256A4500521683 /* mathlib.cpp in Sources */,
				F4C348B518256A4500521683 /* path.cpp in Sources */,
				F4C348B618256A4500521683 /* preprocessor.cpp in Sources */,
				F4C348B718256A4500521683 /* settings.cpp in Sources */,
				F4C348B818256A4500521683 /* suppressions.cpp in Sources */,
				F4C348B918256A4500521683 /* symboldatabase.cpp in Sources */,
				F4C348BA18256A4500521683 /* templatesimplifier.cpp in Sources */,
				F4C348BB18256A4500521683 /* timer.cpp in Sources */,
				F4C348BC18256A4500521683 /* token.cpp in Sources */,
				F4C348BD18256A4500521683 /* tokenize.cpp in Sources */,
				F4C348BE18256A4500521683 /* tokenlist.cpp in Sources */,
				F4C3486C1825692B00521683 /* options.cpp in Sources */,
				F4C3486D1825692B00521683 /* test64bit.cpp in Sources */,
				F4C3486E1825692B00521683 /* testassert.cpp in Sources */,
				F4C3486F1825692B00521683 /* testassignif.cpp in Sources */,
				F4C348701825692B00521683 /* testautovariables.cpp in Sources */,
				F4C348711825692B00521683 /* testbool.cpp in Sources */,
				F4C348721825692B00521683 /* testboost.cpp in Sources */,
				F4C348731825692B00521683 /* testbufferoverrun.cpp in Sources */,
				F4C348741825692B00521683 /* testcharvar.cpp in Sources */,
				F4C348751825692B00521683 /* testclass.cpp in Sources */,
				F4C348761825692B00521683 /* testcmdlineparser.cpp in Sources */,
				F4C348771825692B00521683 /* testconstructors.cpp in Sources */,
				F4C348781825692B00521683 /* testcppcheck.cpp in Sources */,
				F4C348791825692B00521683 /* testdivision.cpp in Sources */,
				F4C3487A1825692B00521683 /* testerrorlogger.cpp in Sources */,
				F4C3487B1825692B00521683 /* testexceptionsafety.cpp in Sources */,
				F4C3487C1825692B00521683 /* testfilelister.cpp in Sources */,
				F4C3487D1825692B00521683 /* testincompletestatement.cpp in Sources */,
				F4C3487E1825692B00521683 /* testinternal.cpp in Sources */,
				F4C3487F1825692B00521683 /* testio.cpp in Sources */,
				F4C348801825692B00521683 /* testleakautovar.cpp in Sources */,
				F4C348811825692B00521683 /* testmathlib.cpp in Sources */,
				F4C348821825692B00521683 /* testmemleak.cpp in Sources */,
				F4C348831825692B00521683 /* testnonreentrantfunctions.cpp in Sources */,
				F4C348841825692B00521683 /* testnullpointer.cpp in Sources */,
				F4C348851825692B00521683 /* testobsolescentfunctions.cpp in Sources */,
				F4C348861825692B00521683 /* testoptions.cpp in Sources */,
				F4C348871825692B00521683 /* testother.cpp in Sources */,
				F4C348881825692B00521683 /* testpath.cpp in Sources */,
				F4C348891825692B00521683 /* testpathmatch.cpp in Sources */,
				F4C3488A1825692B00521683 /* testpostfixoperator.cpp in Sources */,
				F4C3488B1825692B00521683 /* testpreprocessor.cpp in Sources */,
				F4C3488C1825692B00521683 /* testrunner.cpp in Sources */,
				F4C3488D1825692B00521683 /* testsimplifytokens.cpp in Sources */,
				F4C3488E1825692B00521683 /* testsizeof.cpp in Sources */,
				F4C3488F1825692B00521683 /* teststl.cpp in Sources */,
				F4C348901825692B00521683 /* testsuite.cpp in Sources */,
				F4C348911825692B00521683 /* testsuppressions.cpp in Sources */,
				F4C348921825692B00521683 /* testsymboldatabase.cpp in Sources */,
				F4C348931825692B00521683 /* testthreadexecutor.cpp in Sources */,
				F4C348941825692B00521683 /* testtimer.cpp in Sources */,
				F4C348951825692B00521683 /* testtoken.cpp in Sources */,
				F4C348961825692B00521683 /* testtokenize.cpp in Sources */,
				F4C348971825692B00521683 /* testuninitvar.cpp in Sources */,
				F4C348981825692B00521683 /* testunusedfunctions.cpp in Sources */,
				F4C348991825692B00521683 /* testunusedprivfunc.cpp in Sources */,
				F4C3489A1825692B00521683 /* testunusedvar.cpp in Sources */,
				F4C348661825679E00521683 /* cmdlineparser.cpp in Sources */,
				F4C348671825679F00521683 /* cppcheckexecutor.cpp in Sources */,
				F4C348681825679F00521683 /* filelister.cpp in Sources */,
				F4C348691825679F00521683 /* pathmatch.cpp in Sources */,
				F4C3486A1825679F00521683 /* threadexecutor.cpp in Sources */,
			);
			runOnlyForDeploymentPostprocessing = 0;
		};
/* End PBXSourcesBuildPhase section */

/* Begin XCBuildConfiguration section */
		1DEB923208733DC60010E9CD /* Debug */ = {
			isa = XCBuildConfiguration;
			buildSettings = {
				ALWAYS_SEARCH_USER_PATHS = NO;
				COPY_PHASE_STRIP = NO;
				GCC_DYNAMIC_NO_PIC = NO;
				GCC_MODEL_TUNING = "";
				GCC_OPTIMIZATION_LEVEL = 0;
				"GCC_PREPROCESSOR_DEFINITIONS[arch=*]" = "CFGDIR=\\\"$SRCROOT/cfg/\\\"";
				GCC_VERSION = "";
				HEADER_SEARCH_PATHS = externals/tinyxml;
				INSTALL_PATH = /usr/local/bin;
				PRECOMPS_INCLUDE_HEADERS_FROM_BUILT_PRODUCTS_DIR = NO;
				PRODUCT_NAME = cppcheck;
			};
			name = Debug;
		};
		1DEB923308733DC60010E9CD /* Release */ = {
			isa = XCBuildConfiguration;
			buildSettings = {
				ALWAYS_SEARCH_USER_PATHS = NO;
				DEBUG_INFORMATION_FORMAT = dwarf;
				GCC_MODEL_TUNING = "";
				"GCC_PREPROCESSOR_DEFINITIONS[arch=*]" = "CFGDIR=\\\"$SRCROOT/cfg/\\\"";
				HEADER_SEARCH_PATHS = externals/tinyxml;
				INSTALL_PATH = /usr/local/bin;
				PRODUCT_NAME = cppcheck;
			};
			name = Release;
		};
		1DEB923608733DC60010E9CD /* Debug */ = {
			isa = XCBuildConfiguration;
			buildSettings = {
				CLANG_CXX_LANGUAGE_STANDARD = "c++0x";
				GCC_C_LANGUAGE_STANDARD = gnu99;
				GCC_OPTIMIZATION_LEVEL = 0;
				GCC_VERSION = "";
				GCC_WARN_ABOUT_RETURN_TYPE = YES;
				GCC_WARN_UNUSED_VARIABLE = YES;
				ONLY_ACTIVE_ARCH = YES;
				SDKROOT = macosx;
			};
			name = Debug;
		};
		1DEB923708733DC60010E9CD /* Release */ = {
			isa = XCBuildConfiguration;
			buildSettings = {
				CLANG_CXX_LANGUAGE_STANDARD = "c++0x";
				GCC_C_LANGUAGE_STANDARD = gnu99;
				GCC_WARN_ABOUT_RETURN_TYPE = YES;
				GCC_WARN_UNUSED_VARIABLE = YES;
				SDKROOT = macosx;
			};
			name = Release;
		};
		F4C34862182566E800521683 /* Debug */ = {
			isa = XCBuildConfiguration;
			buildSettings = {
				ALWAYS_SEARCH_USER_PATHS = NO;
				CLANG_CXX_LANGUAGE_STANDARD = "gnu++0x";
				CLANG_CXX_LIBRARY = "libstdc++";
				CLANG_ENABLE_OBJC_ARC = YES;
				CLANG_WARN_BOOL_CONVERSION = YES;
				CLANG_WARN_CONSTANT_CONVERSION = YES;
				CLANG_WARN_DIRECT_OBJC_ISA_USAGE = YES_ERROR;
				CLANG_WARN_EMPTY_BODY = YES;
				CLANG_WARN_ENUM_CONVERSION = YES;
				CLANG_WARN_INT_CONVERSION = YES;
				CLANG_WARN_OBJC_ROOT_CLASS = YES_ERROR;
				CLANG_WARN__DUPLICATE_METHOD_MATCH = YES;
				COPY_PHASE_STRIP = NO;
				GCC_DYNAMIC_NO_PIC = NO;
				GCC_ENABLE_OBJC_EXCEPTIONS = YES;
				GCC_PREPROCESSOR_DEFINITIONS = (
					"DEBUG=1",
					"$(inherited)",
				);
				GCC_SYMBOLS_PRIVATE_EXTERN = NO;
				GCC_VERSION = "";
				GCC_WARN_64_TO_32_BIT_CONVERSION = YES;
				GCC_WARN_ABOUT_RETURN_TYPE = YES_ERROR;
				GCC_WARN_UNDECLARED_SELECTOR = YES;
				GCC_WARN_UNINITIALIZED_AUTOS = YES;
				GCC_WARN_UNUSED_FUNCTION = YES;
				HEADER_SEARCH_PATHS = (
					externals/tinyxml,
					lib,
				);
				MACOSX_DEPLOYMENT_TARGET = 10.9;
				PRODUCT_NAME = "$(TARGET_NAME)";
			};
			name = Debug;
		};
		F4C34863182566E800521683 /* Release */ = {
			isa = XCBuildConfiguration;
			buildSettings = {
				ALWAYS_SEARCH_USER_PATHS = NO;
				CLANG_CXX_LANGUAGE_STANDARD = "gnu++0x";
				CLANG_CXX_LIBRARY = "libstdc++";
				CLANG_ENABLE_OBJC_ARC = YES;
				CLANG_WARN_BOOL_CONVERSION = YES;
				CLANG_WARN_CONSTANT_CONVERSION = YES;
				CLANG_WARN_DIRECT_OBJC_ISA_USAGE = YES_ERROR;
				CLANG_WARN_EMPTY_BODY = YES;
				CLANG_WARN_ENUM_CONVERSION = YES;
				CLANG_WARN_INT_CONVERSION = YES;
				CLANG_WARN_OBJC_ROOT_CLASS = YES_ERROR;
				CLANG_WARN__DUPLICATE_METHOD_MATCH = YES;
				COPY_PHASE_STRIP = YES;
				DEBUG_INFORMATION_FORMAT = "dwarf-with-dsym";
				ENABLE_NS_ASSERTIONS = NO;
				GCC_ENABLE_OBJC_EXCEPTIONS = YES;
				GCC_WARN_64_TO_32_BIT_CONVERSION = YES;
				GCC_WARN_ABOUT_RETURN_TYPE = YES_ERROR;
				GCC_WARN_UNDECLARED_SELECTOR = YES;
				GCC_WARN_UNINITIALIZED_AUTOS = YES;
				GCC_WARN_UNUSED_FUNCTION = YES;
				HEADER_SEARCH_PATHS = (
					externals/tinyxml,
					lib,
				);
				MACOSX_DEPLOYMENT_TARGET = 10.9;
				PRODUCT_NAME = "$(TARGET_NAME)";
			};
			name = Release;
		};
/* End XCBuildConfiguration section */

/* Begin XCConfigurationList section */
		1DEB923108733DC60010E9CD /* Build configuration list for PBXNativeTarget "cppcheck" */ = {
			isa = XCConfigurationList;
			buildConfigurations = (
				1DEB923208733DC60010E9CD /* Debug */,
				1DEB923308733DC60010E9CD /* Release */,
			);
			defaultConfigurationIsVisible = 0;
			defaultConfigurationName = Release;
		};
		1DEB923508733DC60010E9CD /* Build configuration list for PBXProject "Cppcheck" */ = {
			isa = XCConfigurationList;
			buildConfigurations = (
				1DEB923608733DC60010E9CD /* Debug */,
				1DEB923708733DC60010E9CD /* Release */,
			);
			defaultConfigurationIsVisible = 0;
			defaultConfigurationName = Release;
		};
		F4C34864182566E800521683 /* Build configuration list for PBXNativeTarget "testrunner" */ = {
			isa = XCConfigurationList;
			buildConfigurations = (
				F4C34862182566E800521683 /* Debug */,
				F4C34863182566E800521683 /* Release */,
			);
			defaultConfigurationIsVisible = 0;
			defaultConfigurationName = Release;
		};
/* End XCConfigurationList section */
	};
	rootObject = 08FB7793FE84155DC02AAC07 /* Project object */;
}
