// !$*UTF8*$!
{
	archiveVersion = 1;
	classes = {
	};
	objectVersion = 45;
	objects = {

/* Begin PBXBuildFile section */
		39E60EB91270DE3A00AC0D02 /* checkautovariables.cpp in Sources */ = {isa = PBXBuildFile; fileRef = 39E60E8D1270DE3A00AC0D02 /* checkautovariables.cpp */; };
		39E60EBA1270DE3A00AC0D02 /* checkbufferoverrun.cpp in Sources */ = {isa = PBXBuildFile; fileRef = 39E60E8F1270DE3A00AC0D02 /* checkbufferoverrun.cpp */; };
		39E60EBB1270DE3A00AC0D02 /* checkclass.cpp in Sources */ = {isa = PBXBuildFile; fileRef = 39E60E911270DE3A00AC0D02 /* checkclass.cpp */; };
		39E60EBC1270DE3A00AC0D02 /* checkexceptionsafety.cpp in Sources */ = {isa = PBXBuildFile; fileRef = 39E60E931270DE3A00AC0D02 /* checkexceptionsafety.cpp */; };
		39E60EBD1270DE3A00AC0D02 /* checkmemoryleak.cpp in Sources */ = {isa = PBXBuildFile; fileRef = 39E60E951270DE3A00AC0D02 /* checkmemoryleak.cpp */; };
		39E60EBE1270DE3A00AC0D02 /* checkobsoletefunctions.cpp in Sources */ = {isa = PBXBuildFile; fileRef = 39E60E971270DE3A00AC0D02 /* checkobsoletefunctions.cpp */; };
		39E60EBF1270DE3A00AC0D02 /* checkother.cpp in Sources */ = {isa = PBXBuildFile; fileRef = 39E60E991270DE3A00AC0D02 /* checkother.cpp */; };
		39E60EC01270DE3A00AC0D02 /* checkpostfixoperator.cpp in Sources */ = {isa = PBXBuildFile; fileRef = 39E60E9B1270DE3A00AC0D02 /* checkpostfixoperator.cpp */; };
		39E60EC11270DE3A00AC0D02 /* checkstl.cpp in Sources */ = {isa = PBXBuildFile; fileRef = 39E60E9D1270DE3A00AC0D02 /* checkstl.cpp */; };
		39E60EC21270DE3A00AC0D02 /* checkunusedfunctions.cpp in Sources */ = {isa = PBXBuildFile; fileRef = 39E60E9F1270DE3A00AC0D02 /* checkunusedfunctions.cpp */; };
		39E60EC31270DE3A00AC0D02 /* cppcheck.cpp in Sources */ = {isa = PBXBuildFile; fileRef = 39E60EA11270DE3A00AC0D02 /* cppcheck.cpp */; };
		39E60EC41270DE3A00AC0D02 /* errorlogger.cpp in Sources */ = {isa = PBXBuildFile; fileRef = 39E60EA31270DE3A00AC0D02 /* errorlogger.cpp */; };
		39E60EC51270DE3A00AC0D02 /* executionpath.cpp in Sources */ = {isa = PBXBuildFile; fileRef = 39E60EA51270DE3A00AC0D02 /* executionpath.cpp */; };
		39E60EC61270DE3A00AC0D02 /* filelister_unix.cpp in Sources */ = {isa = PBXBuildFile; fileRef = 39E60EA71270DE3A00AC0D02 /* filelister_unix.cpp */; };
		39E60EC71270DE3A00AC0D02 /* filelister.cpp in Sources */ = {isa = PBXBuildFile; fileRef = 39E60EA91270DE3A00AC0D02 /* filelister.cpp */; };
		39E60EC81270DE3A00AC0D02 /* mathlib.cpp in Sources */ = {isa = PBXBuildFile; fileRef = 39E60EAB1270DE3A00AC0D02 /* mathlib.cpp */; };
		39E60EC91270DE3A00AC0D02 /* path.cpp in Sources */ = {isa = PBXBuildFile; fileRef = 39E60EAD1270DE3A00AC0D02 /* path.cpp */; };
		39E60ECA1270DE3A00AC0D02 /* preprocessor.cpp in Sources */ = {isa = PBXBuildFile; fileRef = 39E60EAF1270DE3A00AC0D02 /* preprocessor.cpp */; };
		39E60ECB1270DE3A00AC0D02 /* settings.cpp in Sources */ = {isa = PBXBuildFile; fileRef = 39E60EB11270DE3A00AC0D02 /* settings.cpp */; };
		39E60ECC1270DE3A00AC0D02 /* timer.cpp in Sources */ = {isa = PBXBuildFile; fileRef = 39E60EB31270DE3A00AC0D02 /* timer.cpp */; };
		39E60ECD1270DE3A00AC0D02 /* token.cpp in Sources */ = {isa = PBXBuildFile; fileRef = 39E60EB51270DE3A00AC0D02 /* token.cpp */; };
		39E60ECE1270DE3A00AC0D02 /* tokenize.cpp in Sources */ = {isa = PBXBuildFile; fileRef = 39E60EB71270DE3A00AC0D02 /* tokenize.cpp */; };
		39E60ED61270DE5000AC0D02 /* cmdlineparser.cpp in Sources */ = {isa = PBXBuildFile; fileRef = 39E60ECF1270DE5000AC0D02 /* cmdlineparser.cpp */; };
		39E60ED71270DE5000AC0D02 /* cppcheckexecutor.cpp in Sources */ = {isa = PBXBuildFile; fileRef = 39E60ED11270DE5000AC0D02 /* cppcheckexecutor.cpp */; };
		39E60ED81270DE5000AC0D02 /* main.cpp in Sources */ = {isa = PBXBuildFile; fileRef = 39E60ED31270DE5000AC0D02 /* main.cpp */; };
		39E60ED91270DE5000AC0D02 /* threadexecutor.cpp in Sources */ = {isa = PBXBuildFile; fileRef = 39E60ED41270DE5000AC0D02 /* threadexecutor.cpp */; };
/* End PBXBuildFile section */

/* Begin PBXCopyFilesBuildPhase section */
		8DD76F690486A84900D96B5E /* CopyFiles */ = {
			isa = PBXCopyFilesBuildPhase;
			buildActionMask = 8;
			dstPath = /usr/share/man/man1/;
			dstSubfolderSpec = 0;
			files = (
			);
			runOnlyForDeploymentPostprocessing = 1;
		};
/* End PBXCopyFilesBuildPhase section */

/* Begin PBXFileReference section */
		39E60E8C1270DE3A00AC0D02 /* check.h */ = {isa = PBXFileReference; fileEncoding = 4; lastKnownFileType = sourcecode.c.h; name = check.h; path = lib/check.h; sourceTree = "<group>"; };
		39E60E8D1270DE3A00AC0D02 /* checkautovariables.cpp */ = {isa = PBXFileReference; fileEncoding = 4; lastKnownFileType = sourcecode.cpp.cpp; name = checkautovariables.cpp; path = lib/checkautovariables.cpp; sourceTree = "<group>"; };
		39E60E8E1270DE3A00AC0D02 /* checkautovariables.h */ = {isa = PBXFileReference; fileEncoding = 4; lastKnownFileType = sourcecode.c.h; name = checkautovariables.h; path = lib/checkautovariables.h; sourceTree = "<group>"; };
		39E60E8F1270DE3A00AC0D02 /* checkbufferoverrun.cpp */ = {isa = PBXFileReference; fileEncoding = 4; lastKnownFileType = sourcecode.cpp.cpp; name = checkbufferoverrun.cpp; path = lib/checkbufferoverrun.cpp; sourceTree = "<group>"; };
		39E60E901270DE3A00AC0D02 /* checkbufferoverrun.h */ = {isa = PBXFileReference; fileEncoding = 4; lastKnownFileType = sourcecode.c.h; name = checkbufferoverrun.h; path = lib/checkbufferoverrun.h; sourceTree = "<group>"; };
		39E60E911270DE3A00AC0D02 /* checkclass.cpp */ = {isa = PBXFileReference; fileEncoding = 4; lastKnownFileType = sourcecode.cpp.cpp; name = checkclass.cpp; path = lib/checkclass.cpp; sourceTree = "<group>"; };
		39E60E921270DE3A00AC0D02 /* checkclass.h */ = {isa = PBXFileReference; fileEncoding = 4; lastKnownFileType = sourcecode.c.h; name = checkclass.h; path = lib/checkclass.h; sourceTree = "<group>"; };
		39E60E931270DE3A00AC0D02 /* checkexceptionsafety.cpp */ = {isa = PBXFileReference; fileEncoding = 4; lastKnownFileType = sourcecode.cpp.cpp; name = checkexceptionsafety.cpp; path = lib/checkexceptionsafety.cpp; sourceTree = "<group>"; };
		39E60E941270DE3A00AC0D02 /* checkexceptionsafety.h */ = {isa = PBXFileReference; fileEncoding = 4; lastKnownFileType = sourcecode.c.h; name = checkexceptionsafety.h; path = lib/checkexceptionsafety.h; sourceTree = "<group>"; };
		39E60E951270DE3A00AC0D02 /* checkmemoryleak.cpp */ = {isa = PBXFileReference; fileEncoding = 4; lastKnownFileType = sourcecode.cpp.cpp; name = checkmemoryleak.cpp; path = lib/checkmemoryleak.cpp; sourceTree = "<group>"; };
		39E60E961270DE3A00AC0D02 /* checkmemoryleak.h */ = {isa = PBXFileReference; fileEncoding = 4; lastKnownFileType = sourcecode.c.h; name = checkmemoryleak.h; path = lib/checkmemoryleak.h; sourceTree = "<group>"; };
		39E60E971270DE3A00AC0D02 /* checkobsoletefunctions.cpp */ = {isa = PBXFileReference; fileEncoding = 4; lastKnownFileType = sourcecode.cpp.cpp; name = checkobsoletefunctions.cpp; path = lib/checkobsoletefunctions.cpp; sourceTree = "<group>"; };
		39E60E981270DE3A00AC0D02 /* checkobsoletefunctions.h */ = {isa = PBXFileReference; fileEncoding = 4; lastKnownFileType = sourcecode.c.h; name = checkobsoletefunctions.h; path = lib/checkobsoletefunctions.h; sourceTree = "<group>"; };
		39E60E991270DE3A00AC0D02 /* checkother.cpp */ = {isa = PBXFileReference; fileEncoding = 4; lastKnownFileType = sourcecode.cpp.cpp; name = checkother.cpp; path = lib/checkother.cpp; sourceTree = "<group>"; };
		39E60E9A1270DE3A00AC0D02 /* checkother.h */ = {isa = PBXFileReference; fileEncoding = 4; lastKnownFileType = sourcecode.c.h; name = checkother.h; path = lib/checkother.h; sourceTree = "<group>"; };
		39E60E9B1270DE3A00AC0D02 /* checkpostfixoperator.cpp */ = {isa = PBXFileReference; fileEncoding = 4; lastKnownFileType = sourcecode.cpp.cpp; name = checkpostfixoperator.cpp; path = lib/checkpostfixoperator.cpp; sourceTree = "<group>"; };
		39E60E9C1270DE3A00AC0D02 /* checkpostfixoperator.h */ = {isa = PBXFileReference; fileEncoding = 4; lastKnownFileType = sourcecode.c.h; name = checkpostfixoperator.h; path = lib/checkpostfixoperator.h; sourceTree = "<group>"; };
		39E60E9D1270DE3A00AC0D02 /* checkstl.cpp */ = {isa = PBXFileReference; fileEncoding = 4; lastKnownFileType = sourcecode.cpp.cpp; name = checkstl.cpp; path = lib/checkstl.cpp; sourceTree = "<group>"; };
		39E60E9E1270DE3A00AC0D02 /* checkstl.h */ = {isa = PBXFileReference; fileEncoding = 4; lastKnownFileType = sourcecode.c.h; name = checkstl.h; path = lib/checkstl.h; sourceTree = "<group>"; };
		39E60E9F1270DE3A00AC0D02 /* checkunusedfunctions.cpp */ = {isa = PBXFileReference; fileEncoding = 4; lastKnownFileType = sourcecode.cpp.cpp; name = checkunusedfunctions.cpp; path = lib/checkunusedfunctions.cpp; sourceTree = "<group>"; };
		39E60EA01270DE3A00AC0D02 /* checkunusedfunctions.h */ = {isa = PBXFileReference; fileEncoding = 4; lastKnownFileType = sourcecode.c.h; name = checkunusedfunctions.h; path = lib/checkunusedfunctions.h; sourceTree = "<group>"; };
		39E60EA11270DE3A00AC0D02 /* cppcheck.cpp */ = {isa = PBXFileReference; fileEncoding = 4; lastKnownFileType = sourcecode.cpp.cpp; name = cppcheck.cpp; path = lib/cppcheck.cpp; sourceTree = "<group>"; };
		39E60EA21270DE3A00AC0D02 /* cppcheck.h */ = {isa = PBXFileReference; fileEncoding = 4; lastKnownFileType = sourcecode.c.h; name = cppcheck.h; path = lib/cppcheck.h; sourceTree = "<group>"; };
		39E60EA31270DE3A00AC0D02 /* errorlogger.cpp */ = {isa = PBXFileReference; fileEncoding = 4; lastKnownFileType = sourcecode.cpp.cpp; name = errorlogger.cpp; path = lib/errorlogger.cpp; sourceTree = "<group>"; };
		39E60EA41270DE3A00AC0D02 /* errorlogger.h */ = {isa = PBXFileReference; fileEncoding = 4; lastKnownFileType = sourcecode.c.h; name = errorlogger.h; path = lib/errorlogger.h; sourceTree = "<group>"; };
		39E60EA51270DE3A00AC0D02 /* executionpath.cpp */ = {isa = PBXFileReference; fileEncoding = 4; lastKnownFileType = sourcecode.cpp.cpp; name = executionpath.cpp; path = lib/executionpath.cpp; sourceTree = "<group>"; };
		39E60EA61270DE3A00AC0D02 /* executionpath.h */ = {isa = PBXFileReference; fileEncoding = 4; lastKnownFileType = sourcecode.c.h; name = executionpath.h; path = lib/executionpath.h; sourceTree = "<group>"; };
		39E60EA71270DE3A00AC0D02 /* filelister_unix.cpp */ = {isa = PBXFileReference; fileEncoding = 4; lastKnownFileType = sourcecode.cpp.cpp; name = filelister_unix.cpp; path = lib/filelister_unix.cpp; sourceTree = "<group>"; };
		39E60EA81270DE3A00AC0D02 /* filelister_unix.h */ = {isa = PBXFileReference; fileEncoding = 4; lastKnownFileType = sourcecode.c.h; name = filelister_unix.h; path = lib/filelister_unix.h; sourceTree = "<group>"; };
		39E60EA91270DE3A00AC0D02 /* filelister.cpp */ = {isa = PBXFileReference; fileEncoding = 4; lastKnownFileType = sourcecode.cpp.cpp; name = filelister.cpp; path = lib/filelister.cpp; sourceTree = "<group>"; };
		39E60EAA1270DE3A00AC0D02 /* filelister.h */ = {isa = PBXFileReference; fileEncoding = 4; lastKnownFileType = sourcecode.c.h; name = filelister.h; path = lib/filelister.h; sourceTree = "<group>"; };
		39E60EAB1270DE3A00AC0D02 /* mathlib.cpp */ = {isa = PBXFileReference; fileEncoding = 4; lastKnownFileType = sourcecode.cpp.cpp; name = mathlib.cpp; path = lib/mathlib.cpp; sourceTree = "<group>"; };
		39E60EAC1270DE3A00AC0D02 /* mathlib.h */ = {isa = PBXFileReference; fileEncoding = 4; lastKnownFileType = sourcecode.c.h; name = mathlib.h; path = lib/mathlib.h; sourceTree = "<group>"; };
		39E60EAD1270DE3A00AC0D02 /* path.cpp */ = {isa = PBXFileReference; fileEncoding = 4; lastKnownFileType = sourcecode.cpp.cpp; name = path.cpp; path = lib/path.cpp; sourceTree = "<group>"; };
		39E60EAE1270DE3A00AC0D02 /* path.h */ = {isa = PBXFileReference; fileEncoding = 4; lastKnownFileType = sourcecode.c.h; name = path.h; path = lib/path.h; sourceTree = "<group>"; };
		39E60EAF1270DE3A00AC0D02 /* preprocessor.cpp */ = {isa = PBXFileReference; fileEncoding = 4; lastKnownFileType = sourcecode.cpp.cpp; name = preprocessor.cpp; path = lib/preprocessor.cpp; sourceTree = "<group>"; };
		39E60EB01270DE3A00AC0D02 /* preprocessor.h */ = {isa = PBXFileReference; fileEncoding = 4; lastKnownFileType = sourcecode.c.h; name = preprocessor.h; path = lib/preprocessor.h; sourceTree = "<group>"; };
		39E60EB11270DE3A00AC0D02 /* settings.cpp */ = {isa = PBXFileReference; fileEncoding = 4; lastKnownFileType = sourcecode.cpp.cpp; name = settings.cpp; path = lib/settings.cpp; sourceTree = "<group>"; };
		39E60EB21270DE3A00AC0D02 /* settings.h */ = {isa = PBXFileReference; fileEncoding = 4; lastKnownFileType = sourcecode.c.h; name = settings.h; path = lib/settings.h; sourceTree = "<group>"; };
		39E60EB31270DE3A00AC0D02 /* timer.cpp */ = {isa = PBXFileReference; fileEncoding = 4; lastKnownFileType = sourcecode.cpp.cpp; name = timer.cpp; path = lib/timer.cpp; sourceTree = "<group>"; };
		39E60EB41270DE3A00AC0D02 /* timer.h */ = {isa = PBXFileReference; fileEncoding = 4; lastKnownFileType = sourcecode.c.h; name = timer.h; path = lib/timer.h; sourceTree = "<group>"; };
		39E60EB51270DE3A00AC0D02 /* token.cpp */ = {isa = PBXFileReference; fileEncoding = 4; lastKnownFileType = sourcecode.cpp.cpp; name = token.cpp; path = lib/token.cpp; sourceTree = "<group>"; };
		39E60EB61270DE3A00AC0D02 /* token.h */ = {isa = PBXFileReference; fileEncoding = 4; lastKnownFileType = sourcecode.c.h; name = token.h; path = lib/token.h; sourceTree = "<group>"; };
		39E60EB71270DE3A00AC0D02 /* tokenize.cpp */ = {isa = PBXFileReference; fileEncoding = 4; lastKnownFileType = sourcecode.cpp.cpp; name = tokenize.cpp; path = lib/tokenize.cpp; sourceTree = "<group>"; };
		39E60EB81270DE3A00AC0D02 /* tokenize.h */ = {isa = PBXFileReference; fileEncoding = 4; lastKnownFileType = sourcecode.c.h; name = tokenize.h; path = lib/tokenize.h; sourceTree = "<group>"; };
		39E60ECF1270DE5000AC0D02 /* cmdlineparser.cpp */ = {isa = PBXFileReference; fileEncoding = 4; lastKnownFileType = sourcecode.cpp.cpp; name = cmdlineparser.cpp; path = cli/cmdlineparser.cpp; sourceTree = "<group>"; };
		39E60ED01270DE5000AC0D02 /* cmdlineparser.h */ = {isa = PBXFileReference; fileEncoding = 4; lastKnownFileType = sourcecode.c.h; name = cmdlineparser.h; path = cli/cmdlineparser.h; sourceTree = "<group>"; };
		39E60ED11270DE5000AC0D02 /* cppcheckexecutor.cpp */ = {isa = PBXFileReference; fileEncoding = 4; lastKnownFileType = sourcecode.cpp.cpp; name = cppcheckexecutor.cpp; path = cli/cppcheckexecutor.cpp; sourceTree = "<group>"; };
		39E60ED21270DE5000AC0D02 /* cppcheckexecutor.h */ = {isa = PBXFileReference; fileEncoding = 4; lastKnownFileType = sourcecode.c.h; name = cppcheckexecutor.h; path = cli/cppcheckexecutor.h; sourceTree = "<group>"; };
		39E60ED31270DE5000AC0D02 /* main.cpp */ = {isa = PBXFileReference; fileEncoding = 4; lastKnownFileType = sourcecode.cpp.cpp; name = main.cpp; path = cli/main.cpp; sourceTree = "<group>"; };
		39E60ED41270DE5000AC0D02 /* threadexecutor.cpp */ = {isa = PBXFileReference; fileEncoding = 4; lastKnownFileType = sourcecode.cpp.cpp; name = threadexecutor.cpp; path = cli/threadexecutor.cpp; sourceTree = "<group>"; };
		39E60ED51270DE5000AC0D02 /* threadexecutor.h */ = {isa = PBXFileReference; fileEncoding = 4; lastKnownFileType = sourcecode.c.h; name = threadexecutor.h; path = cli/threadexecutor.h; sourceTree = "<group>"; };
		39E60EDE1270DEB100AC0D02 /* cppcheck */ = {isa = PBXFileReference; explicitFileType = "compiled.mach-o.executable"; includeInIndex = 0; path = cppcheck; sourceTree = BUILT_PRODUCTS_DIR; };
/* End PBXFileReference section */

/* Begin PBXFrameworksBuildPhase section */
		8DD76F660486A84900D96B5E /* Frameworks */ = {
			isa = PBXFrameworksBuildPhase;
			buildActionMask = 2147483647;
			files = (
			);
			runOnlyForDeploymentPostprocessing = 0;
		};
/* End PBXFrameworksBuildPhase section */

/* Begin PBXGroup section */
		08FB7794FE84155DC02AAC07 /* cppcheck */ = {
			isa = PBXGroup;
			children = (
				08FB7795FE84155DC02AAC07 /* Source */,
				C6859E8C029090F304C91782 /* Documentation */,
				1AB674ADFE9D54B511CA2CBB /* Products */,
			);
			name = cppcheck;
			sourceTree = "<group>";
		};
		08FB7795FE84155DC02AAC07 /* Source */ = {
			isa = PBXGroup;
			children = (
				2C21A45D1178BB0B00D35009 /* Library */,
				2C21A45C1178BB0400D35009 /* Command */,
			);
			name = Source;
			sourceTree = "<group>";
		};
		1AB674ADFE9D54B511CA2CBB /* Products */ = {
			isa = PBXGroup;
			children = (
				39E60EDE1270DEB100AC0D02 /* cppcheck */,
			);
			name = Products;
			sourceTree = "<group>";
		};
		2C21A45C1178BB0400D35009 /* Command */ = {
			isa = PBXGroup;
			children = (
				39E60ECF1270DE5000AC0D02 /* cmdlineparser.cpp */,
				39E60ED01270DE5000AC0D02 /* cmdlineparser.h */,
				39E60ED11270DE5000AC0D02 /* cppcheckexecutor.cpp */,
				39E60ED21270DE5000AC0D02 /* cppcheckexecutor.h */,
				39E60ED31270DE5000AC0D02 /* main.cpp */,
				39E60ED41270DE5000AC0D02 /* threadexecutor.cpp */,
				39E60ED51270DE5000AC0D02 /* threadexecutor.h */,
			);
			name = Command;
			sourceTree = "<group>";
		};
		2C21A45D1178BB0B00D35009 /* Library */ = {
			isa = PBXGroup;
			children = (
				39E60E8C1270DE3A00AC0D02 /* check.h */,
				39E60E8D1270DE3A00AC0D02 /* checkautovariables.cpp */,
				39E60E8E1270DE3A00AC0D02 /* checkautovariables.h */,
				39E60E8F1270DE3A00AC0D02 /* checkbufferoverrun.cpp */,
				39E60E901270DE3A00AC0D02 /* checkbufferoverrun.h */,
				39E60E911270DE3A00AC0D02 /* checkclass.cpp */,
				39E60E921270DE3A00AC0D02 /* checkclass.h */,
				39E60E931270DE3A00AC0D02 /* checkexceptionsafety.cpp */,
				39E60E941270DE3A00AC0D02 /* checkexceptionsafety.h */,
				39E60E951270DE3A00AC0D02 /* checkmemoryleak.cpp */,
				39E60E961270DE3A00AC0D02 /* checkmemoryleak.h */,
				39E60E971270DE3A00AC0D02 /* checkobsoletefunctions.cpp */,
				39E60E981270DE3A00AC0D02 /* checkobsoletefunctions.h */,
				39E60E991270DE3A00AC0D02 /* checkother.cpp */,
				39E60E9A1270DE3A00AC0D02 /* checkother.h */,
				39E60E9B1270DE3A00AC0D02 /* checkpostfixoperator.cpp */,
				39E60E9C1270DE3A00AC0D02 /* checkpostfixoperator.h */,
				39E60E9D1270DE3A00AC0D02 /* checkstl.cpp */,
				39E60E9E1270DE3A00AC0D02 /* checkstl.h */,
				39E60E9F1270DE3A00AC0D02 /* checkunusedfunctions.cpp */,
				39E60EA01270DE3A00AC0D02 /* checkunusedfunctions.h */,
				39E60EA11270DE3A00AC0D02 /* cppcheck.cpp */,
				39E60EA21270DE3A00AC0D02 /* cppcheck.h */,
				39E60EA31270DE3A00AC0D02 /* errorlogger.cpp */,
				39E60EA41270DE3A00AC0D02 /* errorlogger.h */,
				39E60EA51270DE3A00AC0D02 /* executionpath.cpp */,
				39E60EA61270DE3A00AC0D02 /* executionpath.h */,
				39E60EA71270DE3A00AC0D02 /* filelister_unix.cpp */,
				39E60EA81270DE3A00AC0D02 /* filelister_unix.h */,
				39E60EA91270DE3A00AC0D02 /* filelister.cpp */,
				39E60EAA1270DE3A00AC0D02 /* filelister.h */,
				39E60EAB1270DE3A00AC0D02 /* mathlib.cpp */,
				39E60EAC1270DE3A00AC0D02 /* mathlib.h */,
				39E60EAD1270DE3A00AC0D02 /* path.cpp */,
				39E60EAE1270DE3A00AC0D02 /* path.h */,
				39E60EAF1270DE3A00AC0D02 /* preprocessor.cpp */,
				39E60EB01270DE3A00AC0D02 /* preprocessor.h */,
				39E60EB11270DE3A00AC0D02 /* settings.cpp */,
				39E60EB21270DE3A00AC0D02 /* settings.h */,
				39E60EB31270DE3A00AC0D02 /* timer.cpp */,
				39E60EB41270DE3A00AC0D02 /* timer.h */,
				39E60EB51270DE3A00AC0D02 /* token.cpp */,
				39E60EB61270DE3A00AC0D02 /* token.h */,
				39E60EB71270DE3A00AC0D02 /* tokenize.cpp */,
				39E60EB81270DE3A00AC0D02 /* tokenize.h */,
			);
			name = Library;
			sourceTree = "<group>";
		};
		C6859E8C029090F304C91782 /* Documentation */ = {
			isa = PBXGroup;
			children = (
			);
			name = Documentation;
			sourceTree = "<group>";
		};
/* End PBXGroup section */

/* Begin PBXNativeTarget section */
		8DD76F620486A84900D96B5E /* cppcheck */ = {
			isa = PBXNativeTarget;
			buildConfigurationList = 1DEB923108733DC60010E9CD /* Build configuration list for PBXNativeTarget "cppcheck" */;
			buildPhases = (
				8DD76F640486A84900D96B5E /* Sources */,
				8DD76F660486A84900D96B5E /* Frameworks */,
				8DD76F690486A84900D96B5E /* CopyFiles */,
			);
			buildRules = (
			);
			dependencies = (
			);
			name = cppcheck;
			productInstallPath = "$(HOME)/bin";
			productName = cppcheck;
			productReference = 39E60EDE1270DEB100AC0D02 /* cppcheck */;
			productType = "com.apple.product-type.tool";
		};
/* End PBXNativeTarget section */

/* Begin PBXProject section */
		08FB7793FE84155DC02AAC07 /* Project object */ = {
			isa = PBXProject;
			buildConfigurationList = 1DEB923508733DC60010E9CD /* Build configuration list for PBXProject "Cppcheck" */;
			compatibilityVersion = "Xcode 3.1";
			developmentRegion = English;
			hasScannedForEncodings = 1;
			knownRegions = (
				English,
				Japanese,
				French,
				German,
			);
			mainGroup = 08FB7794FE84155DC02AAC07 /* cppcheck */;
			projectDirPath = "";
			projectRoot = "";
			targets = (
				8DD76F620486A84900D96B5E /* cppcheck */,
			);
		};
/* End PBXProject section */

/* Begin PBXSourcesBuildPhase section */
		8DD76F640486A84900D96B5E /* Sources */ = {
			isa = PBXSourcesBuildPhase;
			buildActionMask = 2147483647;
			files = (
				39E60EB91270DE3A00AC0D02 /* checkautovariables.cpp in Sources */,
				39E60EBA1270DE3A00AC0D02 /* checkbufferoverrun.cpp in Sources */,
				39E60EBB1270DE3A00AC0D02 /* checkclass.cpp in Sources */,
				39E60EBC1270DE3A00AC0D02 /* checkexceptionsafety.cpp in Sources */,
				39E60EBD1270DE3A00AC0D02 /* checkmemoryleak.cpp in Sources */,
				39E60EBE1270DE3A00AC0D02 /* checkobsoletefunctions.cpp in Sources */,
				39E60EBF1270DE3A00AC0D02 /* checkother.cpp in Sources */,
				39E60EC01270DE3A00AC0D02 /* checkpostfixoperator.cpp in Sources */,
				39E60EC11270DE3A00AC0D02 /* checkstl.cpp in Sources */,
				39E60EC21270DE3A00AC0D02 /* checkunusedfunctions.cpp in Sources */,
				39E60EC31270DE3A00AC0D02 /* cppcheck.cpp in Sources */,
				39E60EC41270DE3A00AC0D02 /* errorlogger.cpp in Sources */,
				39E60EC51270DE3A00AC0D02 /* executionpath.cpp in Sources */,
				39E60EC61270DE3A00AC0D02 /* filelister_unix.cpp in Sources */,
				39E60EC71270DE3A00AC0D02 /* filelister.cpp in Sources */,
				39E60EC81270DE3A00AC0D02 /* mathlib.cpp in Sources */,
				39E60EC91270DE3A00AC0D02 /* path.cpp in Sources */,
				39E60ECA1270DE3A00AC0D02 /* preprocessor.cpp in Sources */,
				39E60ECB1270DE3A00AC0D02 /* settings.cpp in Sources */,
				39E60ECC1270DE3A00AC0D02 /* timer.cpp in Sources */,
				39E60ECD1270DE3A00AC0D02 /* token.cpp in Sources */,
				39E60ECE1270DE3A00AC0D02 /* tokenize.cpp in Sources */,
				39E60ED61270DE5000AC0D02 /* cmdlineparser.cpp in Sources */,
				39E60ED71270DE5000AC0D02 /* cppcheckexecutor.cpp in Sources */,
				39E60ED81270DE5000AC0D02 /* main.cpp in Sources */,
				39E60ED91270DE5000AC0D02 /* threadexecutor.cpp in Sources */,
			);
			runOnlyForDeploymentPostprocessing = 0;
		};
/* End PBXSourcesBuildPhase section */

/* Begin XCBuildConfiguration section */
		1DEB923208733DC60010E9CD /* Debug */ = {
			isa = XCBuildConfiguration;
			buildSettings = {
				ALWAYS_SEARCH_USER_PATHS = NO;
				COPY_PHASE_STRIP = NO;
				GCC_DYNAMIC_NO_PIC = NO;
				GCC_ENABLE_FIX_AND_CONTINUE = NO;
				GCC_MODEL_TUNING = "";
				GCC_OPTIMIZATION_LEVEL = 0;
				GCC_PREPROCESSOR_DEFINITIONS = "";
				GCC_VERSION = "";
				INSTALL_PATH = /usr/local/bin;
				PRECOMPS_INCLUDE_HEADERS_FROM_BUILT_PRODUCTS_DIR = NO;
				PRODUCT_NAME = cppcheck;
			};
			name = Debug;
		};
		1DEB923308733DC60010E9CD /* Release */ = {
			isa = XCBuildConfiguration;
			buildSettings = {
				ALWAYS_SEARCH_USER_PATHS = NO;
				DEBUG_INFORMATION_FORMAT = dwarf;
				GCC_MODEL_TUNING = "";
				INSTALL_PATH = /usr/local/bin;
				PRODUCT_NAME = cppcheck;
			};
			name = Release;
		};
		1DEB923608733DC60010E9CD /* Debug */ = {
			isa = XCBuildConfiguration;
			buildSettings = {
				ARCHS = "$(ARCHS_STANDARD_32_64_BIT)";
				GCC_C_LANGUAGE_STANDARD = gnu99;
				GCC_OPTIMIZATION_LEVEL = 0;
				GCC_VERSION = 4.0;
				GCC_WARN_ABOUT_RETURN_TYPE = YES;
				GCC_WARN_UNUSED_VARIABLE = YES;
				ONLY_ACTIVE_ARCH = YES;
				PREBINDING = NO;
				SDKROOT = macosx10.6;
			};
			name = Debug;
		};
		1DEB923708733DC60010E9CD /* Release */ = {
			isa = XCBuildConfiguration;
			buildSettings = {
				ARCHS = "$(ARCHS_STANDARD_32_64_BIT)";
				GCC_C_LANGUAGE_STANDARD = gnu99;
				GCC_WARN_ABOUT_RETURN_TYPE = YES;
				GCC_WARN_UNUSED_VARIABLE = YES;
				PREBINDING = NO;
				SDKROOT = macosx10.6;
			};
			name = Release;
		};
/* End XCBuildConfiguration section */

/* Begin XCConfigurationList section */
		1DEB923108733DC60010E9CD /* Build configuration list for PBXNativeTarget "cppcheck" */ = {
			isa = XCConfigurationList;
			buildConfigurations = (
				1DEB923208733DC60010E9CD /* Debug */,
				1DEB923308733DC60010E9CD /* Release */,
			);
			defaultConfigurationIsVisible = 0;
			defaultConfigurationName = Release;
		};
		1DEB923508733DC60010E9CD /* Build configuration list for PBXProject "Cppcheck" */ = {
			isa = XCConfigurationList;
			buildConfigurations = (
				1DEB923608733DC60010E9CD /* Debug */,
				1DEB923708733DC60010E9CD /* Release */,
			);
			defaultConfigurationIsVisible = 0;
			defaultConfigurationName = Release;
		};
/* End XCConfigurationList section */
	};
	rootObject = 08FB7793FE84155DC02AAC07 /* Project object */;
}
